// !$*UTF8*$!
{
	archiveVersion = 1;
	classes = {
	};
	objectVersion = 56;
	objects = {

/* Begin PBXBuildFile section */
		63482CE12A7252D000AA2DB6 /* adminApp_1_0_0_App.swift in Sources */ = {isa = PBXBuildFile; fileRef = 63482CE02A7252D000AA2DB6 /* adminApp_1_0_0_App.swift */; };
		63482CE32A7252D000AA2DB6 /* ContentView.swift in Sources */ = {isa = PBXBuildFile; fileRef = 63482CE22A7252D000AA2DB6 /* ContentView.swift */; };
		63482CE52A7252D100AA2DB6 /* Assets.xcassets in Resources */ = {isa = PBXBuildFile; fileRef = 63482CE42A7252D100AA2DB6 /* Assets.xcassets */; };
		63482CE82A7252D100AA2DB6 /* Preview Assets.xcassets in Resources */ = {isa = PBXBuildFile; fileRef = 63482CE72A7252D100AA2DB6 /* Preview Assets.xcassets */; };
		636989432A7254490056CDB3 /* FirebaseAuth in Frameworks */ = {isa = PBXBuildFile; productRef = 636989422A7254490056CDB3 /* FirebaseAuth */; };
		636989452A7254490056CDB3 /* FirebaseDatabase in Frameworks */ = {isa = PBXBuildFile; productRef = 636989442A7254490056CDB3 /* FirebaseDatabase */; };
		636989472A7254490056CDB3 /* FirebaseFirestore in Frameworks */ = {isa = PBXBuildFile; productRef = 636989462A7254490056CDB3 /* FirebaseFirestore */; };
		636989492A7254490056CDB3 /* FirebaseStorage in Frameworks */ = {isa = PBXBuildFile; productRef = 636989482A7254490056CDB3 /* FirebaseStorage */; };
		6369894B2A7255140056CDB3 /* GoogleService-Info.plist in Resources */ = {isa = PBXBuildFile; fileRef = 6369894A2A7255140056CDB3 /* GoogleService-Info.plist */; };
/* End PBXBuildFile section */

/* Begin PBXFileReference section */
		63482CDD2A7252D000AA2DB6 /* adminApp(1.0.0).app */ = {isa = PBXFileReference; explicitFileType = wrapper.application; includeInIndex = 0; path = "adminApp(1.0.0).app"; sourceTree = BUILT_PRODUCTS_DIR; };
		63482CE02A7252D000AA2DB6 /* adminApp_1_0_0_App.swift */ = {isa = PBXFileReference; lastKnownFileType = sourcecode.swift; path = adminApp_1_0_0_App.swift; sourceTree = "<group>"; };
		63482CE22A7252D000AA2DB6 /* ContentView.swift */ = {isa = PBXFileReference; lastKnownFileType = sourcecode.swift; path = ContentView.swift; sourceTree = "<group>"; };
		63482CE42A7252D100AA2DB6 /* Assets.xcassets */ = {isa = PBXFileReference; lastKnownFileType = folder.assetcatalog; path = Assets.xcassets; sourceTree = "<group>"; };
		63482CE72A7252D100AA2DB6 /* Preview Assets.xcassets */ = {isa = PBXFileReference; lastKnownFileType = folder.assetcatalog; path = "Preview Assets.xcassets"; sourceTree = "<group>"; };
		6369894A2A7255140056CDB3 /* GoogleService-Info.plist */ = {isa = PBXFileReference; fileEncoding = 4; lastKnownFileType = text.plist.xml; path = "GoogleService-Info.plist"; sourceTree = "<group>"; };
/* End PBXFileReference section */

/* Begin PBXFrameworksBuildPhase section */
		63482CDA2A7252D000AA2DB6 /* Frameworks */ = {
			isa = PBXFrameworksBuildPhase;
			buildActionMask = 2147483647;
			files = (
				636989452A7254490056CDB3 /* FirebaseDatabase in Frameworks */,
				636989492A7254490056CDB3 /* FirebaseStorage in Frameworks */,
				636989432A7254490056CDB3 /* FirebaseAuth in Frameworks */,
				636989472A7254490056CDB3 /* FirebaseFirestore in Frameworks */,
			);
			runOnlyForDeploymentPostprocessing = 0;
		};
/* End PBXFrameworksBuildPhase section */

/* Begin PBXGroup section */
		63482CD42A7252D000AA2DB6 = {
			isa = PBXGroup;
			children = (
				63482CDF2A7252D000AA2DB6 /* adminApp(1.0.0) */,
				63482CDE2A7252D000AA2DB6 /* Products */,
			);
			sourceTree = "<group>";
		};
		63482CDE2A7252D000AA2DB6 /* Products */ = {
			isa = PBXGroup;
			children = (
				63482CDD2A7252D000AA2DB6 /* adminApp(1.0.0).app */,
			);
			name = Products;
			sourceTree = "<group>";
		};
		63482CDF2A7252D000AA2DB6 /* adminApp(1.0.0) */ = {
			isa = PBXGroup;
			children = (
				63482CE02A7252D000AA2DB6 /* adminApp_1_0_0_App.swift */,
				63482CE22A7252D000AA2DB6 /* ContentView.swift */,
				63482CE42A7252D100AA2DB6 /* Assets.xcassets */,
				6369894A2A7255140056CDB3 /* GoogleService-Info.plist */,
				63482CE62A7252D100AA2DB6 /* Preview Content */,
			);
			path = "adminApp(1.0.0)";
			sourceTree = "<group>";
		};
		63482CE62A7252D100AA2DB6 /* Preview Content */ = {
			isa = PBXGroup;
			children = (
				63482CE72A7252D100AA2DB6 /* Preview Assets.xcassets */,
			);
			path = "Preview Content";
			sourceTree = "<group>";
		};
/* End PBXGroup section */

/* Begin PBXNativeTarget section */
		63482CDC2A7252D000AA2DB6 /* adminApp(1.0.0) */ = {
			isa = PBXNativeTarget;
			buildConfigurationList = 63482CEB2A7252D100AA2DB6 /* Build configuration list for PBXNativeTarget "adminApp(1.0.0)" */;
			buildPhases = (
				63482CD92A7252D000AA2DB6 /* Sources */,
				63482CDA2A7252D000AA2DB6 /* Frameworks */,
				63482CDB2A7252D000AA2DB6 /* Resources */,
			);
			buildRules = (
			);
			dependencies = (
			);
			name = "adminApp(1.0.0)";
			packageProductDependencies = (
				636989422A7254490056CDB3 /* FirebaseAuth */,
				636989442A7254490056CDB3 /* FirebaseDatabase */,
				636989462A7254490056CDB3 /* FirebaseFirestore */,
				636989482A7254490056CDB3 /* FirebaseStorage */,
			);
			productName = "adminApp(1.0.0)";
			productReference = 63482CDD2A7252D000AA2DB6 /* adminApp(1.0.0).app */;
			productType = "com.apple.product-type.application";
		};
/* End PBXNativeTarget section */

/* Begin PBXProject section */
		63482CD52A7252D000AA2DB6 /* Project object */ = {
			isa = PBXProject;
			attributes = {
				BuildIndependentTargetsInParallel = 1;
				LastSwiftUpdateCheck = 1430;
				LastUpgradeCheck = 1430;
				TargetAttributes = {
					63482CDC2A7252D000AA2DB6 = {
						CreatedOnToolsVersion = 14.3.1;
					};
				};
			};
			buildConfigurationList = 63482CD82A7252D000AA2DB6 /* Build configuration list for PBXProject "adminApp(1.0.0)" */;
			compatibilityVersion = "Xcode 14.0";
			developmentRegion = en;
			hasScannedForEncodings = 0;
			knownRegions = (
				en,
				Base,
			);
			mainGroup = 63482CD42A7252D000AA2DB6;
			packageReferences = (
				636989412A7254490056CDB3 /* XCRemoteSwiftPackageReference "firebase-ios-sdk" */,
			);
			productRefGroup = 63482CDE2A7252D000AA2DB6 /* Products */;
			projectDirPath = "";
			projectRoot = "";
			targets = (
				63482CDC2A7252D000AA2DB6 /* adminApp(1.0.0) */,
			);
		};
/* End PBXProject section */

/* Begin PBXResourcesBuildPhase section */
		63482CDB2A7252D000AA2DB6 /* Resources */ = {
			isa = PBXResourcesBuildPhase;
			buildActionMask = 2147483647;
			files = (
				63482CE82A7252D100AA2DB6 /* Preview Assets.xcassets in Resources */,
				63482CE52A7252D100AA2DB6 /* Assets.xcassets in Resources */,
				6369894B2A7255140056CDB3 /* GoogleService-Info.plist in Resources */,
			);
			runOnlyForDeploymentPostprocessing = 0;
		};
/* End PBXResourcesBuildPhase section */

/* Begin PBXSourcesBuildPhase section */
		63482CD92A7252D000AA2DB6 /* Sources */ = {
			isa = PBXSourcesBuildPhase;
			buildActionMask = 2147483647;
			files = (
				63482CE32A7252D000AA2DB6 /* ContentView.swift in Sources */,
				63482CE12A7252D000AA2DB6 /* adminApp_1_0_0_App.swift in Sources */,
			);
			runOnlyForDeploymentPostprocessing = 0;
		};
/* End PBXSourcesBuildPhase section */

/* Begin XCBuildConfiguration section */
		63482CE92A7252D100AA2DB6 /* Debug */ = {
			isa = XCBuildConfiguration;
			buildSettings = {
				ALWAYS_SEARCH_USER_PATHS = NO;
				CLANG_ANALYZER_NONNULL = YES;
				CLANG_ANALYZER_NUMBER_OBJECT_CONVERSION = YES_AGGRESSIVE;
				CLANG_CXX_LANGUAGE_STANDARD = "gnu++20";
				CLANG_ENABLE_MODULES = YES;
				CLANG_ENABLE_OBJC_ARC = YES;
				CLANG_ENABLE_OBJC_WEAK = YES;
				CLANG_WARN_BLOCK_CAPTURE_AUTORELEASING = YES;
				CLANG_WARN_BOOL_CONVERSION = YES;
				CLANG_WARN_COMMA = YES;
				CLANG_WARN_CONSTANT_CONVERSION = YES;
				CLANG_WARN_DEPRECATED_OBJC_IMPLEMENTATIONS = YES;
				CLANG_WARN_DIRECT_OBJC_ISA_USAGE = YES_ERROR;
				CLANG_WARN_DOCUMENTATION_COMMENTS = YES;
				CLANG_WARN_EMPTY_BODY = YES;
				CLANG_WARN_ENUM_CONVERSION = YES;
				CLANG_WARN_INFINITE_RECURSION = YES;
				CLANG_WARN_INT_CONVERSION = YES;
				CLANG_WARN_NON_LITERAL_NULL_CONVERSION = YES;
				CLANG_WARN_OBJC_IMPLICIT_RETAIN_SELF = YES;
				CLANG_WARN_OBJC_LITERAL_CONVERSION = YES;
				CLANG_WARN_OBJC_ROOT_CLASS = YES_ERROR;
				CLANG_WARN_QUOTED_INCLUDE_IN_FRAMEWORK_HEADER = YES;
				CLANG_WARN_RANGE_LOOP_ANALYSIS = YES;
				CLANG_WARN_STRICT_PROTOTYPES = YES;
				CLANG_WARN_SUSPICIOUS_MOVE = YES;
				CLANG_WARN_UNGUARDED_AVAILABILITY = YES_AGGRESSIVE;
				CLANG_WARN_UNREACHABLE_CODE = YES;
				CLANG_WARN__DUPLICATE_METHOD_MATCH = YES;
				COPY_PHASE_STRIP = NO;
				DEBUG_INFORMATION_FORMAT = dwarf;
				ENABLE_STRICT_OBJC_MSGSEND = YES;
				ENABLE_TESTABILITY = YES;
				GCC_C_LANGUAGE_STANDARD = gnu11;
				GCC_DYNAMIC_NO_PIC = NO;
				GCC_NO_COMMON_BLOCKS = YES;
				GCC_OPTIMIZATION_LEVEL = 0;
				GCC_PREPROCESSOR_DEFINITIONS = (
					"DEBUG=1",
					"$(inherited)",
				);
				GCC_WARN_64_TO_32_BIT_CONVERSION = YES;
				GCC_WARN_ABOUT_RETURN_TYPE = YES_ERROR;
				GCC_WARN_UNDECLARED_SELECTOR = YES;
				GCC_WARN_UNINITIALIZED_AUTOS = YES_AGGRESSIVE;
				GCC_WARN_UNUSED_FUNCTION = YES;
				GCC_WARN_UNUSED_VARIABLE = YES;
				IPHONEOS_DEPLOYMENT_TARGET = 16.4;
				MTL_ENABLE_DEBUG_INFO = INCLUDE_SOURCE;
				MTL_FAST_MATH = YES;
				ONLY_ACTIVE_ARCH = YES;
				SDKROOT = iphoneos;
				SWIFT_ACTIVE_COMPILATION_CONDITIONS = DEBUG;
				SWIFT_OPTIMIZATION_LEVEL = "-Onone";
			};
			name = Debug;
		};
		63482CEA2A7252D100AA2DB6 /* Release */ = {
			isa = XCBuildConfiguration;
			buildSettings = {
				ALWAYS_SEARCH_USER_PATHS = NO;
				CLANG_ANALYZER_NONNULL = YES;
				CLANG_ANALYZER_NUMBER_OBJECT_CONVERSION = YES_AGGRESSIVE;
				CLANG_CXX_LANGUAGE_STANDARD = "gnu++20";
				CLANG_ENABLE_MODULES = YES;
				CLANG_ENABLE_OBJC_ARC = YES;
				CLANG_ENABLE_OBJC_WEAK = YES;
				CLANG_WARN_BLOCK_CAPTURE_AUTORELEASING = YES;
				CLANG_WARN_BOOL_CONVERSION = YES;
				CLANG_WARN_COMMA = YES;
				CLANG_WARN_CONSTANT_CONVERSION = YES;
				CLANG_WARN_DEPRECATED_OBJC_IMPLEMENTATIONS = YES;
				CLANG_WARN_DIRECT_OBJC_ISA_USAGE = YES_ERROR;
				CLANG_WARN_DOCUMENTATION_COMMENTS = YES;
				CLANG_WARN_EMPTY_BODY = YES;
				CLANG_WARN_ENUM_CONVERSION = YES;
				CLANG_WARN_INFINITE_RECURSION = YES;
				CLANG_WARN_INT_CONVERSION = YES;
				CLANG_WARN_NON_LITERAL_NULL_CONVERSION = YES;
				CLANG_WARN_OBJC_IMPLICIT_RETAIN_SELF = YES;
				CLANG_WARN_OBJC_LITERAL_CONVERSION = YES;
				CLANG_WARN_OBJC_ROOT_CLASS = YES_ERROR;
				CLANG_WARN_QUOTED_INCLUDE_IN_FRAMEWORK_HEADER = YES;
				CLANG_WARN_RANGE_LOOP_ANALYSIS = YES;
				CLANG_WARN_STRICT_PROTOTYPES = YES;
				CLANG_WARN_SUSPICIOUS_MOVE = YES;
				CLANG_WARN_UNGUARDED_AVAILABILITY = YES_AGGRESSIVE;
				CLANG_WARN_UNREACHABLE_CODE = YES;
				CLANG_WARN__DUPLICATE_METHOD_MATCH = YES;
				COPY_PHASE_STRIP = NO;
				DEBUG_INFORMATION_FORMAT = "dwarf-with-dsym";
				ENABLE_NS_ASSERTIONS = NO;
				ENABLE_STRICT_OBJC_MSGSEND = YES;
				GCC_C_LANGUAGE_STANDARD = gnu11;
				GCC_NO_COMMON_BLOCKS = YES;
				GCC_WARN_64_TO_32_BIT_CONVERSION = YES;
				GCC_WARN_ABOUT_RETURN_TYPE = YES_ERROR;
				GCC_WARN_UNDECLARED_SELECTOR = YES;
				GCC_WARN_UNINITIALIZED_AUTOS = YES_AGGRESSIVE;
				GCC_WARN_UNUSED_FUNCTION = YES;
				GCC_WARN_UNUSED_VARIABLE = YES;
				IPHONEOS_DEPLOYMENT_TARGET = 16.4;
				MTL_ENABLE_DEBUG_INFO = NO;
				MTL_FAST_MATH = YES;
				SDKROOT = iphoneos;
				SWIFT_COMPILATION_MODE = wholemodule;
				SWIFT_OPTIMIZATION_LEVEL = "-O";
				VALIDATE_PRODUCT = YES;
			};
			name = Release;
		};
		63482CEC2A7252D100AA2DB6 /* Debug */ = {
			isa = XCBuildConfiguration;
			buildSettings = {
				ASSETCATALOG_COMPILER_APPICON_NAME = AppIcon;
				ASSETCATALOG_COMPILER_GLOBAL_ACCENT_COLOR_NAME = AccentColor;
				CODE_SIGN_STYLE = Automatic;
				CURRENT_PROJECT_VERSION = 1;
				DEVELOPMENT_ASSET_PATHS = "\"adminApp(1.0.0)/Preview Content\"";
				ENABLE_PREVIEWS = YES;
				GENERATE_INFOPLIST_FILE = YES;
				INFOPLIST_KEY_UIApplicationSceneManifest_Generation = YES;
				INFOPLIST_KEY_UIApplicationSupportsIndirectInputEvents = YES;
				INFOPLIST_KEY_UILaunchScreen_Generation = YES;
				INFOPLIST_KEY_UISupportedInterfaceOrientations_iPad = "UIInterfaceOrientationPortrait UIInterfaceOrientationPortraitUpsideDown UIInterfaceOrientationLandscapeLeft UIInterfaceOrientationLandscapeRight";
				INFOPLIST_KEY_UISupportedInterfaceOrientations_iPhone = "UIInterfaceOrientationPortrait UIInterfaceOrientationLandscapeLeft UIInterfaceOrientationLandscapeRight";
				LD_RUNPATH_SEARCH_PATHS = (
					"$(inherited)",
					"@executable_path/Frameworks",
				);
				MARKETING_VERSION = 1.0;
				PRODUCT_BUNDLE_IDENTIFIER = "learnSwiftLeetCode.adminApp-1-0-0-";
				PRODUCT_NAME = "$(TARGET_NAME)";
				SWIFT_EMIT_LOC_STRINGS = YES;
				SWIFT_VERSION = 5.0;
				TARGETED_DEVICE_FAMILY = "1,2";
			};
			name = Debug;
		};
		63482CED2A7252D100AA2DB6 /* Release */ = {
			isa = XCBuildConfiguration;
			buildSettings = {
				ASSETCATALOG_COMPILER_APPICON_NAME = AppIcon;
				ASSETCATALOG_COMPILER_GLOBAL_ACCENT_COLOR_NAME = AccentColor;
				CODE_SIGN_STYLE = Automatic;
				CURRENT_PROJECT_VERSION = 1;
				DEVELOPMENT_ASSET_PATHS = "\"adminApp(1.0.0)/Preview Content\"";
				ENABLE_PREVIEWS = YES;
				GENERATE_INFOPLIST_FILE = YES;
				INFOPLIST_KEY_UIApplicationSceneManifest_Generation = YES;
				INFOPLIST_KEY_UIApplicationSupportsIndirectInputEvents = YES;
				INFOPLIST_KEY_UILaunchScreen_Generation = YES;
				INFOPLIST_KEY_UISupportedInterfaceOrientations_iPad = "UIInterfaceOrientationPortrait UIInterfaceOrientationPortraitUpsideDown UIInterfaceOrientationLandscapeLeft UIInterfaceOrientationLandscapeRight";
				INFOPLIST_KEY_UISupportedInterfaceOrientations_iPhone = "UIInterfaceOrientationPortrait UIInterfaceOrientationLandscapeLeft UIInterfaceOrientationLandscapeRight";
				LD_RUNPATH_SEARCH_PATHS = (
					"$(inherited)",
					"@executable_path/Frameworks",
				);
				MARKETING_VERSION = 1.0;
				PRODUCT_BUNDLE_IDENTIFIER = "learnSwiftLeetCode.adminApp-1-0-0-";
				PRODUCT_NAME = "$(TARGET_NAME)";
				SWIFT_EMIT_LOC_STRINGS = YES;
				SWIFT_VERSION = 5.0;
				TARGETED_DEVICE_FAMILY = "1,2";
			};
			name = Release;
		};
/* End XCBuildConfiguration section */

/* Begin XCConfigurationList section */
		63482CD82A7252D000AA2DB6 /* Build configuration list for PBXProject "adminApp(1.0.0)" */ = {
			isa = XCConfigurationList;
			buildConfigurations = (
				63482CE92A7252D100AA2DB6 /* Debug */,
				63482CEA2A7252D100AA2DB6 /* Release */,
			);
			defaultConfigurationIsVisible = 0;
			defaultConfigurationName = Release;
		};
		63482CEB2A7252D100AA2DB6 /* Build configuration list for PBXNativeTarget "adminApp(1.0.0)" */ = {
			isa = XCConfigurationList;
			buildConfigurations = (
				63482CEC2A7252D100AA2DB6 /* Debug */,
				63482CED2A7252D100AA2DB6 /* Release */,
			);
			defaultConfigurationIsVisible = 0;
			defaultConfigurationName = Release;
		};
/* End XCConfigurationList section */

/* Begin XCRemoteSwiftPackageReference section */
		636989412A7254490056CDB3 /* XCRemoteSwiftPackageReference "firebase-ios-sdk" */ = {
			isa = XCRemoteSwiftPackageReference;
			repositoryURL = "https://github.com/firebase/firebase-ios-sdk";
			requirement = {
				kind = upToNextMajorVersion;
				minimumVersion = 10.0.0;
			};
		};
/* End XCRemoteSwiftPackageReference section */

/* Begin XCSwiftPackageProductDependency section */
		636989422A7254490056CDB3 /* FirebaseAuth */ = {
			isa = XCSwiftPackageProductDependency;
			package = 636989412A7254490056CDB3 /* XCRemoteSwiftPackageReference "firebase-ios-sdk" */;
			productName = FirebaseAuth;
		};
		636989442A7254490056CDB3 /* FirebaseDatabase */ = {
			isa = XCSwiftPackageProductDependency;
			package = 636989412A7254490056CDB3 /* XCRemoteSwiftPackageReference "firebase-ios-sdk" */;
			productName = FirebaseDatabase;
		};
		636989462A7254490056CDB3 /* FirebaseFirestore */ = {
			isa = XCSwiftPackageProductDependency;
			package = 636989412A7254490056CDB3 /* XCRemoteSwiftPackageReference "firebase-ios-sdk" */;
			productName = FirebaseFirestore;
		};
		636989482A7254490056CDB3 /* FirebaseStorage */ = {
			isa = XCSwiftPackageProductDependency;
			package = 636989412A7254490056CDB3 /* XCRemoteSwiftPackageReference "firebase-ios-sdk" */;
			productName = FirebaseStorage;
		};
/* End XCSwiftPackageProductDependency section */
	};
	rootObject = 63482CD52A7252D000AA2DB6 /* Project object */;
}
