// !$*UTF8*$!
{
	archiveVersion = 1;
	classes = {
	};
	objectVersion = 56;
	objects = {

/* Begin PBXBuildFile section */
		63482CE12A7252D000AA2DB6 /* adminApp_1_0_0_App.swift in Sources */ = {isa = PBXBuildFile; fileRef = 63482CE02A7252D000AA2DB6 /* adminApp_1_0_0_App.swift */; };
		63482CE32A7252D000AA2DB6 /* ContentView.swift in Sources */ = {isa = PBXBuildFile; fileRef = 63482CE22A7252D000AA2DB6 /* ContentView.swift */; };
		63482CE52A7252D100AA2DB6 /* Assets.xcassets in Resources */ = {isa = PBXBuildFile; fileRef = 63482CE42A7252D100AA2DB6 /* Assets.xcassets */; };
		63482CE82A7252D100AA2DB6 /* Preview Assets.xcassets in Resources */ = {isa = PBXBuildFile; fileRef = 63482CE72A7252D100AA2DB6 /* Preview Assets.xcassets */; };
		634FF2C72A7AF1A000AE62C3 /* EmployeerListView.swift in Sources */ = {isa = PBXBuildFile; fileRef = 634FF2C62A7AF1A000AE62C3 /* EmployeerListView.swift */; };
		636989432A7254490056CDB3 /* FirebaseAuth in Frameworks */ = {isa = PBXBuildFile; productRef = 636989422A7254490056CDB3 /* FirebaseAuth */; };
		636989452A7254490056CDB3 /* FirebaseDatabase in Frameworks */ = {isa = PBXBuildFile; productRef = 636989442A7254490056CDB3 /* FirebaseDatabase */; };
		636989472A7254490056CDB3 /* FirebaseFirestore in Frameworks */ = {isa = PBXBuildFile; productRef = 636989462A7254490056CDB3 /* FirebaseFirestore */; };
		636989492A7254490056CDB3 /* FirebaseStorage in Frameworks */ = {isa = PBXBuildFile; productRef = 636989482A7254490056CDB3 /* FirebaseStorage */; };
		6369894B2A7255140056CDB3 /* GoogleService-Info.plist in Resources */ = {isa = PBXBuildFile; fileRef = 6369894A2A7255140056CDB3 /* GoogleService-Info.plist */; };
		639F92382A72593B00FC3A11 /* rootView.swift in Sources */ = {isa = PBXBuildFile; fileRef = 639F92372A72593B00FC3A11 /* rootView.swift */; };
		639F923A2A725A2E00FC3A11 /* authView.swift in Sources */ = {isa = PBXBuildFile; fileRef = 639F92392A725A2E00FC3A11 /* authView.swift */; };
		639F923D2A725AE600FC3A11 /* LogInView.swift in Sources */ = {isa = PBXBuildFile; fileRef = 639F923C2A725AE600FC3A11 /* LogInView.swift */; };
		639F923F2A725B0200FC3A11 /* AuthViewModel.swift in Sources */ = {isa = PBXBuildFile; fileRef = 639F923E2A725B0200FC3A11 /* AuthViewModel.swift */; };
		639F92422A725B1700FC3A11 /* authModel.swift in Sources */ = {isa = PBXBuildFile; fileRef = 639F92412A725B1700FC3A11 /* authModel.swift */; };
		639F92452A725B2B00FC3A11 /* authService.swift in Sources */ = {isa = PBXBuildFile; fileRef = 639F92442A725B2B00FC3A11 /* authService.swift */; };
		639F92472A725B4C00FC3A11 /* registerView.swift in Sources */ = {isa = PBXBuildFile; fileRef = 639F92462A725B4C00FC3A11 /* registerView.swift */; };
		639F924A2A72889D00FC3A11 /* FirebaseFirestoreSwift in Frameworks */ = {isa = PBXBuildFile; productRef = 639F92492A72889D00FC3A11 /* FirebaseFirestoreSwift */; };
		639F924D2A72B80E00FC3A11 /* ProfileView.swift in Sources */ = {isa = PBXBuildFile; fileRef = 639F924C2A72B80E00FC3A11 /* ProfileView.swift */; };
		639F92502A72BE0900FC3A11 /* imagePlusTextView.swift in Sources */ = {isa = PBXBuildFile; fileRef = 639F924F2A72BE0900FC3A11 /* imagePlusTextView.swift */; };
		639F92522A72C50000FC3A11 /* customTextField.swift in Sources */ = {isa = PBXBuildFile; fileRef = 639F92512A72C50000FC3A11 /* customTextField.swift */; };
		63A872152A7843430023383F /* EmployeeModel.swift in Sources */ = {isa = PBXBuildFile; fileRef = 63A872142A7843430023383F /* EmployeeModel.swift */; };
		63A872192A78435B0023383F /* EmployeesView.swift in Sources */ = {isa = PBXBuildFile; fileRef = 63A872182A78435B0023383F /* EmployeesView.swift */; };
		63A8721C2A7844140023383F /* EmployeeViewModel.swift in Sources */ = {isa = PBXBuildFile; fileRef = 63A8721B2A7844140023383F /* EmployeeViewModel.swift */; };
		63A8721F2A7844D40023383F /* EmployyeeIDView.swift in Sources */ = {isa = PBXBuildFile; fileRef = 63A8721E2A7844D40023383F /* EmployyeeIDView.swift */; };
		63E524C32A7AABB800FA950F /* MainModule.swift in Sources */ = {isa = PBXBuildFile; fileRef = 63E524C22A7AABB800FA950F /* MainModule.swift */; };
		63E524C52A7AAC2900FA950F /* MenuView.swift in Sources */ = {isa = PBXBuildFile; fileRef = 63E524C42A7AAC2900FA950F /* MenuView.swift */; };
		63E524C72A7AAC6100FA950F /* ProductsView.swift in Sources */ = {isa = PBXBuildFile; fileRef = 63E524C62A7AAC6100FA950F /* ProductsView.swift */; };
		63E524C92A7AAD5300FA950F /* OrdersView.swift in Sources */ = {isa = PBXBuildFile; fileRef = 63E524C82A7AAD5300FA950F /* OrdersView.swift */; };
		63E524CC2A7AAE1800FA950F /* EmployeesAPI.swift in Sources */ = {isa = PBXBuildFile; fileRef = 63E524CB2A7AAE1800FA950F /* EmployeesAPI.swift */; };
		63E524D02A7ABA3800FA950F /* EmployeesService.swift in Sources */ = {isa = PBXBuildFile; fileRef = 63E524CF2A7ABA3800FA950F /* EmployeesService.swift */; };
/* End PBXBuildFile section */

/* Begin PBXFileReference section */
		63482CDD2A7252D000AA2DB6 /* adminApp(1.0.0).app */ = {isa = PBXFileReference; explicitFileType = wrapper.application; includeInIndex = 0; path = "adminApp(1.0.0).app"; sourceTree = BUILT_PRODUCTS_DIR; };
		63482CE02A7252D000AA2DB6 /* adminApp_1_0_0_App.swift */ = {isa = PBXFileReference; lastKnownFileType = sourcecode.swift; path = adminApp_1_0_0_App.swift; sourceTree = "<group>"; };
		63482CE22A7252D000AA2DB6 /* ContentView.swift */ = {isa = PBXFileReference; lastKnownFileType = sourcecode.swift; path = ContentView.swift; sourceTree = "<group>"; };
		63482CE42A7252D100AA2DB6 /* Assets.xcassets */ = {isa = PBXFileReference; lastKnownFileType = folder.assetcatalog; path = Assets.xcassets; sourceTree = "<group>"; };
		63482CE72A7252D100AA2DB6 /* Preview Assets.xcassets */ = {isa = PBXFileReference; lastKnownFileType = folder.assetcatalog; path = "Preview Assets.xcassets"; sourceTree = "<group>"; };
		634FF2C62A7AF1A000AE62C3 /* EmployeerListView.swift */ = {isa = PBXFileReference; lastKnownFileType = sourcecode.swift; path = EmployeerListView.swift; sourceTree = "<group>"; };
		6369894A2A7255140056CDB3 /* GoogleService-Info.plist */ = {isa = PBXFileReference; fileEncoding = 4; lastKnownFileType = text.plist.xml; path = "GoogleService-Info.plist"; sourceTree = "<group>"; };
		639F92372A72593B00FC3A11 /* rootView.swift */ = {isa = PBXFileReference; lastKnownFileType = sourcecode.swift; path = rootView.swift; sourceTree = "<group>"; };
		639F92392A725A2E00FC3A11 /* authView.swift */ = {isa = PBXFileReference; lastKnownFileType = sourcecode.swift; path = authView.swift; sourceTree = "<group>"; };
		639F923C2A725AE600FC3A11 /* LogInView.swift */ = {isa = PBXFileReference; lastKnownFileType = sourcecode.swift; path = LogInView.swift; sourceTree = "<group>"; };
		639F923E2A725B0200FC3A11 /* AuthViewModel.swift */ = {isa = PBXFileReference; lastKnownFileType = sourcecode.swift; path = AuthViewModel.swift; sourceTree = "<group>"; };
		639F92412A725B1700FC3A11 /* authModel.swift */ = {isa = PBXFileReference; lastKnownFileType = sourcecode.swift; path = authModel.swift; sourceTree = "<group>"; };
		639F92442A725B2B00FC3A11 /* authService.swift */ = {isa = PBXFileReference; lastKnownFileType = sourcecode.swift; path = authService.swift; sourceTree = "<group>"; };
		639F92462A725B4C00FC3A11 /* registerView.swift */ = {isa = PBXFileReference; lastKnownFileType = sourcecode.swift; path = registerView.swift; sourceTree = "<group>"; };
		639F924C2A72B80E00FC3A11 /* ProfileView.swift */ = {isa = PBXFileReference; lastKnownFileType = sourcecode.swift; path = ProfileView.swift; sourceTree = "<group>"; };
		639F924F2A72BE0900FC3A11 /* imagePlusTextView.swift */ = {isa = PBXFileReference; lastKnownFileType = sourcecode.swift; path = imagePlusTextView.swift; sourceTree = "<group>"; };
		639F92512A72C50000FC3A11 /* customTextField.swift */ = {isa = PBXFileReference; lastKnownFileType = sourcecode.swift; path = customTextField.swift; sourceTree = "<group>"; };
		63A872142A7843430023383F /* EmployeeModel.swift */ = {isa = PBXFileReference; lastKnownFileType = sourcecode.swift; path = EmployeeModel.swift; sourceTree = "<group>"; };
		63A872182A78435B0023383F /* EmployeesView.swift */ = {isa = PBXFileReference; lastKnownFileType = sourcecode.swift; path = EmployeesView.swift; sourceTree = "<group>"; };
		63A8721B2A7844140023383F /* EmployeeViewModel.swift */ = {isa = PBXFileReference; lastKnownFileType = sourcecode.swift; path = EmployeeViewModel.swift; sourceTree = "<group>"; };
		63A8721E2A7844D40023383F /* EmployyeeIDView.swift */ = {isa = PBXFileReference; lastKnownFileType = sourcecode.swift; path = EmployyeeIDView.swift; sourceTree = "<group>"; };
		63E524C22A7AABB800FA950F /* MainModule.swift */ = {isa = PBXFileReference; lastKnownFileType = sourcecode.swift; path = MainModule.swift; sourceTree = "<group>"; };
		63E524C42A7AAC2900FA950F /* MenuView.swift */ = {isa = PBXFileReference; lastKnownFileType = sourcecode.swift; path = MenuView.swift; sourceTree = "<group>"; };
		63E524C62A7AAC6100FA950F /* ProductsView.swift */ = {isa = PBXFileReference; lastKnownFileType = sourcecode.swift; path = ProductsView.swift; sourceTree = "<group>"; };
		63E524C82A7AAD5300FA950F /* OrdersView.swift */ = {isa = PBXFileReference; lastKnownFileType = sourcecode.swift; path = OrdersView.swift; sourceTree = "<group>"; };
		63E524CB2A7AAE1800FA950F /* EmployeesAPI.swift */ = {isa = PBXFileReference; lastKnownFileType = sourcecode.swift; path = EmployeesAPI.swift; sourceTree = "<group>"; };
		63E524CF2A7ABA3800FA950F /* EmployeesService.swift */ = {isa = PBXFileReference; lastKnownFileType = sourcecode.swift; path = EmployeesService.swift; sourceTree = "<group>"; };
/* End PBXFileReference section */

/* Begin PBXFrameworksBuildPhase section */
		63482CDA2A7252D000AA2DB6 /* Frameworks */ = {
			isa = PBXFrameworksBuildPhase;
			buildActionMask = 2147483647;
			files = (
				639F924A2A72889D00FC3A11 /* FirebaseFirestoreSwift in Frameworks */,
				636989452A7254490056CDB3 /* FirebaseDatabase in Frameworks */,
				636989492A7254490056CDB3 /* FirebaseStorage in Frameworks */,
				636989432A7254490056CDB3 /* FirebaseAuth in Frameworks */,
				636989472A7254490056CDB3 /* FirebaseFirestore in Frameworks */,
			);
			runOnlyForDeploymentPostprocessing = 0;
		};
/* End PBXFrameworksBuildPhase section */

/* Begin PBXGroup section */
		63482CD42A7252D000AA2DB6 = {
			isa = PBXGroup;
			children = (
				63482CDF2A7252D000AA2DB6 /* adminApp(1.0.0) */,
				63482CDE2A7252D000AA2DB6 /* Products */,
				639F92482A72889D00FC3A11 /* Frameworks */,
			);
			sourceTree = "<group>";
		};
		63482CDE2A7252D000AA2DB6 /* Products */ = {
			isa = PBXGroup;
			children = (
				63482CDD2A7252D000AA2DB6 /* adminApp(1.0.0).app */,
			);
			name = Products;
			sourceTree = "<group>";
		};
		63482CDF2A7252D000AA2DB6 /* adminApp(1.0.0) */ = {
			isa = PBXGroup;
			children = (
				63482CE02A7252D000AA2DB6 /* adminApp_1_0_0_App.swift */,
				63482CE22A7252D000AA2DB6 /* ContentView.swift */,
				63E524CA2A7AADF200FA950F /* API Module */,
				63E524C12A7AAB8C00FA950F /* groupModule */,
				639F92372A72593B00FC3A11 /* rootView.swift */,
				639F924B2A72B7BE00FC3A11 /* profileModule */,
				639F92322A72582300FC3A11 /* enterModule */,
				639F92332A72583B00FC3A11 /* menuModule */,
				639F92352A72585E00FC3A11 /* productModule */,
				639F92342A72584D00FC3A11 /* employeesModule */,
				639F92362A72587C00FC3A11 /* ordersModule */,
				63482CE42A7252D100AA2DB6 /* Assets.xcassets */,
				6369894A2A7255140056CDB3 /* GoogleService-Info.plist */,
				63482CE62A7252D100AA2DB6 /* Preview Content */,
			);
			path = "adminApp(1.0.0)";
			sourceTree = "<group>";
		};
		63482CE62A7252D100AA2DB6 /* Preview Content */ = {
			isa = PBXGroup;
			children = (
				63482CE72A7252D100AA2DB6 /* Preview Assets.xcassets */,
			);
			path = "Preview Content";
			sourceTree = "<group>";
		};
		639F92322A72582300FC3A11 /* enterModule */ = {
			isa = PBXGroup;
			children = (
				639F92392A725A2E00FC3A11 /* authView.swift */,
				639F923E2A725B0200FC3A11 /* AuthViewModel.swift */,
				639F92442A725B2B00FC3A11 /* authService.swift */,
				639F92412A725B1700FC3A11 /* authModel.swift */,
				639F923B2A725ACB00FC3A11 /* view */,
			);
			name = enterModule;
			sourceTree = "<group>";
		};
		639F92332A72583B00FC3A11 /* menuModule */ = {
			isa = PBXGroup;
			children = (
				63E524C42A7AAC2900FA950F /* MenuView.swift */,
			);
			name = menuModule;
			sourceTree = "<group>";
		};
		639F92342A72584D00FC3A11 /* employeesModule */ = {
			isa = PBXGroup;
			children = (
				63A872142A7843430023383F /* EmployeeModel.swift */,
				63A872182A78435B0023383F /* EmployeesView.swift */,
				63E524CF2A7ABA3800FA950F /* EmployeesService.swift */,
				63A8721B2A7844140023383F /* EmployeeViewModel.swift */,
				63A8721D2A7844BC0023383F /* view */,
			);
			path = employeesModule;
			sourceTree = "<group>";
		};
		639F92352A72585E00FC3A11 /* productModule */ = {
			isa = PBXGroup;
			children = (
				63E524C62A7AAC6100FA950F /* ProductsView.swift */,
			);
			path = productModule;
			sourceTree = "<group>";
		};
		639F92362A72587C00FC3A11 /* ordersModule */ = {
			isa = PBXGroup;
			children = (
				63E524C82A7AAD5300FA950F /* OrdersView.swift */,
			);
			path = ordersModule;
			sourceTree = "<group>";
		};
		639F923B2A725ACB00FC3A11 /* view */ = {
			isa = PBXGroup;
			children = (
				639F923C2A725AE600FC3A11 /* LogInView.swift */,
				639F92462A725B4C00FC3A11 /* registerView.swift */,
				639F92512A72C50000FC3A11 /* customTextField.swift */,
			);
			name = view;
			sourceTree = "<group>";
		};
		639F92482A72889D00FC3A11 /* Frameworks */ = {
			isa = PBXGroup;
			children = (
			);
			name = Frameworks;
			sourceTree = "<group>";
		};
		639F924B2A72B7BE00FC3A11 /* profileModule */ = {
			isa = PBXGroup;
			children = (
				639F924C2A72B80E00FC3A11 /* ProfileView.swift */,
				639F924E2A72BDEA00FC3A11 /* view */,
			);
			path = profileModule;
			sourceTree = "<group>";
		};
		639F924E2A72BDEA00FC3A11 /* view */ = {
			isa = PBXGroup;
			children = (
				639F924F2A72BE0900FC3A11 /* imagePlusTextView.swift */,
			);
			path = view;
			sourceTree = "<group>";
		};
		63A8721D2A7844BC0023383F /* view */ = {
			isa = PBXGroup;
			children = (
				63A8721E2A7844D40023383F /* EmployyeeIDView.swift */,
				634FF2C62A7AF1A000AE62C3 /* EmployeerListView.swift */,
			);
			path = view;
			sourceTree = "<group>";
		};
		63E524C12A7AAB8C00FA950F /* groupModule */ = {
			isa = PBXGroup;
			children = (
				63E524C22A7AABB800FA950F /* MainModule.swift */,
			);
			path = groupModule;
			sourceTree = "<group>";
		};
		63E524CA2A7AADF200FA950F /* API Module */ = {
			isa = PBXGroup;
			children = (
				63E524CB2A7AAE1800FA950F /* EmployeesAPI.swift */,
			);
			path = "API Module";
			sourceTree = "<group>";
		};
/* End PBXGroup section */

/* Begin PBXNativeTarget section */
		63482CDC2A7252D000AA2DB6 /* adminApp(1.0.0) */ = {
			isa = PBXNativeTarget;
			buildConfigurationList = 63482CEB2A7252D100AA2DB6 /* Build configuration list for PBXNativeTarget "adminApp(1.0.0)" */;
			buildPhases = (
				63482CD92A7252D000AA2DB6 /* Sources */,
				63482CDA2A7252D000AA2DB6 /* Frameworks */,
				63482CDB2A7252D000AA2DB6 /* Resources */,
			);
			buildRules = (
			);
			dependencies = (
			);
			name = "adminApp(1.0.0)";
			packageProductDependencies = (
				636989422A7254490056CDB3 /* FirebaseAuth */,
				636989442A7254490056CDB3 /* FirebaseDatabase */,
				636989462A7254490056CDB3 /* FirebaseFirestore */,
				636989482A7254490056CDB3 /* FirebaseStorage */,
				639F92492A72889D00FC3A11 /* FirebaseFirestoreSwift */,
			);
			productName = "adminApp(1.0.0)";
			productReference = 63482CDD2A7252D000AA2DB6 /* adminApp(1.0.0).app */;
			productType = "com.apple.product-type.application";
		};
/* End PBXNativeTarget section */

/* Begin PBXProject section */
		63482CD52A7252D000AA2DB6 /* Project object */ = {
			isa = PBXProject;
			attributes = {
				BuildIndependentTargetsInParallel = 1;
				LastSwiftUpdateCheck = 1430;
				LastUpgradeCheck = 1430;
				TargetAttributes = {
					63482CDC2A7252D000AA2DB6 = {
						CreatedOnToolsVersion = 14.3.1;
					};
				};
			};
			buildConfigurationList = 63482CD82A7252D000AA2DB6 /* Build configuration list for PBXProject "adminApp(1.0.0)" */;
			compatibilityVersion = "Xcode 14.0";
			developmentRegion = en;
			hasScannedForEncodings = 0;
			knownRegions = (
				en,
				Base,
			);
			mainGroup = 63482CD42A7252D000AA2DB6;
			packageReferences = (
				636989412A7254490056CDB3 /* XCRemoteSwiftPackageReference "firebase-ios-sdk" */,
			);
			productRefGroup = 63482CDE2A7252D000AA2DB6 /* Products */;
			projectDirPath = "";
			projectRoot = "";
			targets = (
				63482CDC2A7252D000AA2DB6 /* adminApp(1.0.0) */,
			);
		};
/* End PBXProject section */

/* Begin PBXResourcesBuildPhase section */
		63482CDB2A7252D000AA2DB6 /* Resources */ = {
			isa = PBXResourcesBuildPhase;
			buildActionMask = 2147483647;
			files = (
				63482CE82A7252D100AA2DB6 /* Preview Assets.xcassets in Resources */,
				63482CE52A7252D100AA2DB6 /* Assets.xcassets in Resources */,
				6369894B2A7255140056CDB3 /* GoogleService-Info.plist in Resources */,
			);
			runOnlyForDeploymentPostprocessing = 0;
		};
/* End PBXResourcesBuildPhase section */

/* Begin PBXSourcesBuildPhase section */
		63482CD92A7252D000AA2DB6 /* Sources */ = {
			isa = PBXSourcesBuildPhase;
			buildActionMask = 2147483647;
			files = (
				639F923F2A725B0200FC3A11 /* AuthViewModel.swift in Sources */,
				63E524C72A7AAC6100FA950F /* ProductsView.swift in Sources */,
				63E524CC2A7AAE1800FA950F /* EmployeesAPI.swift in Sources */,
				63A8721F2A7844D40023383F /* EmployyeeIDView.swift in Sources */,
				63482CE32A7252D000AA2DB6 /* ContentView.swift in Sources */,
				639F924D2A72B80E00FC3A11 /* ProfileView.swift in Sources */,
				63E524C92A7AAD5300FA950F /* OrdersView.swift in Sources */,
				63A872152A7843430023383F /* EmployeeModel.swift in Sources */,
				639F92382A72593B00FC3A11 /* rootView.swift in Sources */,
				634FF2C72A7AF1A000AE62C3 /* EmployeerListView.swift in Sources */,
				639F92422A725B1700FC3A11 /* authModel.swift in Sources */,
				639F923A2A725A2E00FC3A11 /* authView.swift in Sources */,
				63E524C32A7AABB800FA950F /* MainModule.swift in Sources */,
				639F923D2A725AE600FC3A11 /* LogInView.swift in Sources */,
				639F92472A725B4C00FC3A11 /* registerView.swift in Sources */,
				63A872192A78435B0023383F /* EmployeesView.swift in Sources */,
				639F92522A72C50000FC3A11 /* customTextField.swift in Sources */,
				63E524C52A7AAC2900FA950F /* MenuView.swift in Sources */,
				63E524D02A7ABA3800FA950F /* EmployeesService.swift in Sources */,
				639F92502A72BE0900FC3A11 /* imagePlusTextView.swift in Sources */,
				63482CE12A7252D000AA2DB6 /* adminApp_1_0_0_App.swift in Sources */,
				63A8721C2A7844140023383F /* EmployeeViewModel.swift in Sources */,
				639F92452A725B2B00FC3A11 /* authService.swift in Sources */,
			);
			runOnlyForDeploymentPostprocessing = 0;
		};
/* End PBXSourcesBuildPhase section */

/* Begin XCBuildConfiguration section */
		63482CE92A7252D100AA2DB6 /* Debug */ = {
			isa = XCBuildConfiguration;
			buildSettings = {
				ALWAYS_SEARCH_USER_PATHS = NO;
				CLANG_ANALYZER_NONNULL = YES;
				CLANG_ANALYZER_NUMBER_OBJECT_CONVERSION = YES_AGGRESSIVE;
				CLANG_CXX_LANGUAGE_STANDARD = "gnu++20";
				CLANG_ENABLE_MODULES = YES;
				CLANG_ENABLE_OBJC_ARC = YES;
				CLANG_ENABLE_OBJC_WEAK = YES;
				CLANG_WARN_BLOCK_CAPTURE_AUTORELEASING = YES;
				CLANG_WARN_BOOL_CONVERSION = YES;
				CLANG_WARN_COMMA = YES;
				CLANG_WARN_CONSTANT_CONVERSION = YES;
				CLANG_WARN_DEPRECATED_OBJC_IMPLEMENTATIONS = YES;
				CLANG_WARN_DIRECT_OBJC_ISA_USAGE = YES_ERROR;
				CLANG_WARN_DOCUMENTATION_COMMENTS = YES;
				CLANG_WARN_EMPTY_BODY = YES;
				CLANG_WARN_ENUM_CONVERSION = YES;
				CLANG_WARN_INFINITE_RECURSION = YES;
				CLANG_WARN_INT_CONVERSION = YES;
				CLANG_WARN_NON_LITERAL_NULL_CONVERSION = YES;
				CLANG_WARN_OBJC_IMPLICIT_RETAIN_SELF = YES;
				CLANG_WARN_OBJC_LITERAL_CONVERSION = YES;
				CLANG_WARN_OBJC_ROOT_CLASS = YES_ERROR;
				CLANG_WARN_QUOTED_INCLUDE_IN_FRAMEWORK_HEADER = YES;
				CLANG_WARN_RANGE_LOOP_ANALYSIS = YES;
				CLANG_WARN_STRICT_PROTOTYPES = YES;
				CLANG_WARN_SUSPICIOUS_MOVE = YES;
				CLANG_WARN_UNGUARDED_AVAILABILITY = YES_AGGRESSIVE;
				CLANG_WARN_UNREACHABLE_CODE = YES;
				CLANG_WARN__DUPLICATE_METHOD_MATCH = YES;
				COPY_PHASE_STRIP = NO;
				DEBUG_INFORMATION_FORMAT = dwarf;
				ENABLE_STRICT_OBJC_MSGSEND = YES;
				ENABLE_TESTABILITY = YES;
				GCC_C_LANGUAGE_STANDARD = gnu11;
				GCC_DYNAMIC_NO_PIC = NO;
				GCC_NO_COMMON_BLOCKS = YES;
				GCC_OPTIMIZATION_LEVEL = 0;
				GCC_PREPROCESSOR_DEFINITIONS = (
					"DEBUG=1",
					"$(inherited)",
				);
				GCC_WARN_64_TO_32_BIT_CONVERSION = YES;
				GCC_WARN_ABOUT_RETURN_TYPE = YES_ERROR;
				GCC_WARN_UNDECLARED_SELECTOR = YES;
				GCC_WARN_UNINITIALIZED_AUTOS = YES_AGGRESSIVE;
				GCC_WARN_UNUSED_FUNCTION = YES;
				GCC_WARN_UNUSED_VARIABLE = YES;
				IPHONEOS_DEPLOYMENT_TARGET = 16.4;
				MTL_ENABLE_DEBUG_INFO = INCLUDE_SOURCE;
				MTL_FAST_MATH = YES;
				ONLY_ACTIVE_ARCH = YES;
				SDKROOT = iphoneos;
				SWIFT_ACTIVE_COMPILATION_CONDITIONS = DEBUG;
				SWIFT_OPTIMIZATION_LEVEL = "-Onone";
			};
			name = Debug;
		};
		63482CEA2A7252D100AA2DB6 /* Release */ = {
			isa = XCBuildConfiguration;
			buildSettings = {
				ALWAYS_SEARCH_USER_PATHS = NO;
				CLANG_ANALYZER_NONNULL = YES;
				CLANG_ANALYZER_NUMBER_OBJECT_CONVERSION = YES_AGGRESSIVE;
				CLANG_CXX_LANGUAGE_STANDARD = "gnu++20";
				CLANG_ENABLE_MODULES = YES;
				CLANG_ENABLE_OBJC_ARC = YES;
				CLANG_ENABLE_OBJC_WEAK = YES;
				CLANG_WARN_BLOCK_CAPTURE_AUTORELEASING = YES;
				CLANG_WARN_BOOL_CONVERSION = YES;
				CLANG_WARN_COMMA = YES;
				CLANG_WARN_CONSTANT_CONVERSION = YES;
				CLANG_WARN_DEPRECATED_OBJC_IMPLEMENTATIONS = YES;
				CLANG_WARN_DIRECT_OBJC_ISA_USAGE = YES_ERROR;
				CLANG_WARN_DOCUMENTATION_COMMENTS = YES;
				CLANG_WARN_EMPTY_BODY = YES;
				CLANG_WARN_ENUM_CONVERSION = YES;
				CLANG_WARN_INFINITE_RECURSION = YES;
				CLANG_WARN_INT_CONVERSION = YES;
				CLANG_WARN_NON_LITERAL_NULL_CONVERSION = YES;
				CLANG_WARN_OBJC_IMPLICIT_RETAIN_SELF = YES;
				CLANG_WARN_OBJC_LITERAL_CONVERSION = YES;
				CLANG_WARN_OBJC_ROOT_CLASS = YES_ERROR;
				CLANG_WARN_QUOTED_INCLUDE_IN_FRAMEWORK_HEADER = YES;
				CLANG_WARN_RANGE_LOOP_ANALYSIS = YES;
				CLANG_WARN_STRICT_PROTOTYPES = YES;
				CLANG_WARN_SUSPICIOUS_MOVE = YES;
				CLANG_WARN_UNGUARDED_AVAILABILITY = YES_AGGRESSIVE;
				CLANG_WARN_UNREACHABLE_CODE = YES;
				CLANG_WARN__DUPLICATE_METHOD_MATCH = YES;
				COPY_PHASE_STRIP = NO;
				DEBUG_INFORMATION_FORMAT = "dwarf-with-dsym";
				ENABLE_NS_ASSERTIONS = NO;
				ENABLE_STRICT_OBJC_MSGSEND = YES;
				GCC_C_LANGUAGE_STANDARD = gnu11;
				GCC_NO_COMMON_BLOCKS = YES;
				GCC_WARN_64_TO_32_BIT_CONVERSION = YES;
				GCC_WARN_ABOUT_RETURN_TYPE = YES_ERROR;
				GCC_WARN_UNDECLARED_SELECTOR = YES;
				GCC_WARN_UNINITIALIZED_AUTOS = YES_AGGRESSIVE;
				GCC_WARN_UNUSED_FUNCTION = YES;
				GCC_WARN_UNUSED_VARIABLE = YES;
				IPHONEOS_DEPLOYMENT_TARGET = 16.4;
				MTL_ENABLE_DEBUG_INFO = NO;
				MTL_FAST_MATH = YES;
				SDKROOT = iphoneos;
				SWIFT_COMPILATION_MODE = wholemodule;
				SWIFT_OPTIMIZATION_LEVEL = "-O";
				VALIDATE_PRODUCT = YES;
			};
			name = Release;
		};
		63482CEC2A7252D100AA2DB6 /* Debug */ = {
			isa = XCBuildConfiguration;
			buildSettings = {
				ASSETCATALOG_COMPILER_APPICON_NAME = AppIcon;
				ASSETCATALOG_COMPILER_GLOBAL_ACCENT_COLOR_NAME = AccentColor;
				CODE_SIGN_STYLE = Automatic;
				CURRENT_PROJECT_VERSION = 1;
				DEVELOPMENT_ASSET_PATHS = "\"adminApp(1.0.0)/Preview Content\"";
				ENABLE_PREVIEWS = YES;
				GENERATE_INFOPLIST_FILE = YES;
				INFOPLIST_KEY_UIApplicationSceneManifest_Generation = YES;
				INFOPLIST_KEY_UIApplicationSupportsIndirectInputEvents = YES;
				INFOPLIST_KEY_UILaunchScreen_Generation = YES;
				INFOPLIST_KEY_UISupportedInterfaceOrientations_iPad = "UIInterfaceOrientationPortrait UIInterfaceOrientationPortraitUpsideDown UIInterfaceOrientationLandscapeLeft UIInterfaceOrientationLandscapeRight";
				INFOPLIST_KEY_UISupportedInterfaceOrientations_iPhone = "UIInterfaceOrientationPortrait UIInterfaceOrientationLandscapeLeft UIInterfaceOrientationLandscapeRight";
				LD_RUNPATH_SEARCH_PATHS = (
					"$(inherited)",
					"@executable_path/Frameworks",
				);
				MARKETING_VERSION = 1.0;
				PRODUCT_BUNDLE_IDENTIFIER = "learnSwiftLeetCode.adminApp-1-0-0-";
				PRODUCT_NAME = "$(TARGET_NAME)";
				SWIFT_EMIT_LOC_STRINGS = YES;
				SWIFT_VERSION = 5.0;
				TARGETED_DEVICE_FAMILY = "1,2";
			};
			name = Debug;
		};
		63482CED2A7252D100AA2DB6 /* Release */ = {
			isa = XCBuildConfiguration;
			buildSettings = {
				ASSETCATALOG_COMPILER_APPICON_NAME = AppIcon;
				ASSETCATALOG_COMPILER_GLOBAL_ACCENT_COLOR_NAME = AccentColor;
				CODE_SIGN_STYLE = Automatic;
				CURRENT_PROJECT_VERSION = 1;
				DEVELOPMENT_ASSET_PATHS = "\"adminApp(1.0.0)/Preview Content\"";
				ENABLE_PREVIEWS = YES;
				GENERATE_INFOPLIST_FILE = YES;
				INFOPLIST_KEY_UIApplicationSceneManifest_Generation = YES;
				INFOPLIST_KEY_UIApplicationSupportsIndirectInputEvents = YES;
				INFOPLIST_KEY_UILaunchScreen_Generation = YES;
				INFOPLIST_KEY_UISupportedInterfaceOrientations_iPad = "UIInterfaceOrientationPortrait UIInterfaceOrientationPortraitUpsideDown UIInterfaceOrientationLandscapeLeft UIInterfaceOrientationLandscapeRight";
				INFOPLIST_KEY_UISupportedInterfaceOrientations_iPhone = "UIInterfaceOrientationPortrait UIInterfaceOrientationLandscapeLeft UIInterfaceOrientationLandscapeRight";
				LD_RUNPATH_SEARCH_PATHS = (
					"$(inherited)",
					"@executable_path/Frameworks",
				);
				MARKETING_VERSION = 1.0;
				PRODUCT_BUNDLE_IDENTIFIER = "learnSwiftLeetCode.adminApp-1-0-0-";
				PRODUCT_NAME = "$(TARGET_NAME)";
				SWIFT_EMIT_LOC_STRINGS = YES;
				SWIFT_VERSION = 5.0;
				TARGETED_DEVICE_FAMILY = "1,2";
			};
			name = Release;
		};
/* End XCBuildConfiguration section */

/* Begin XCConfigurationList section */
		63482CD82A7252D000AA2DB6 /* Build configuration list for PBXProject "adminApp(1.0.0)" */ = {
			isa = XCConfigurationList;
			buildConfigurations = (
				63482CE92A7252D100AA2DB6 /* Debug */,
				63482CEA2A7252D100AA2DB6 /* Release */,
			);
			defaultConfigurationIsVisible = 0;
			defaultConfigurationName = Release;
		};
		63482CEB2A7252D100AA2DB6 /* Build configuration list for PBXNativeTarget "adminApp(1.0.0)" */ = {
			isa = XCConfigurationList;
			buildConfigurations = (
				63482CEC2A7252D100AA2DB6 /* Debug */,
				63482CED2A7252D100AA2DB6 /* Release */,
			);
			defaultConfigurationIsVisible = 0;
			defaultConfigurationName = Release;
		};
/* End XCConfigurationList section */

/* Begin XCRemoteSwiftPackageReference section */
		636989412A7254490056CDB3 /* XCRemoteSwiftPackageReference "firebase-ios-sdk" */ = {
			isa = XCRemoteSwiftPackageReference;
			repositoryURL = "https://github.com/firebase/firebase-ios-sdk";
			requirement = {
				kind = upToNextMajorVersion;
				minimumVersion = 10.0.0;
			};
		};
/* End XCRemoteSwiftPackageReference section */

/* Begin XCSwiftPackageProductDependency section */
		636989422A7254490056CDB3 /* FirebaseAuth */ = {
			isa = XCSwiftPackageProductDependency;
			package = 636989412A7254490056CDB3 /* XCRemoteSwiftPackageReference "firebase-ios-sdk" */;
			productName = FirebaseAuth;
		};
		636989442A7254490056CDB3 /* FirebaseDatabase */ = {
			isa = XCSwiftPackageProductDependency;
			package = 636989412A7254490056CDB3 /* XCRemoteSwiftPackageReference "firebase-ios-sdk" */;
			productName = FirebaseDatabase;
		};
		636989462A7254490056CDB3 /* FirebaseFirestore */ = {
			isa = XCSwiftPackageProductDependency;
			package = 636989412A7254490056CDB3 /* XCRemoteSwiftPackageReference "firebase-ios-sdk" */;
			productName = FirebaseFirestore;
		};
		636989482A7254490056CDB3 /* FirebaseStorage */ = {
			isa = XCSwiftPackageProductDependency;
			package = 636989412A7254490056CDB3 /* XCRemoteSwiftPackageReference "firebase-ios-sdk" */;
			productName = FirebaseStorage;
		};
		639F92492A72889D00FC3A11 /* FirebaseFirestoreSwift */ = {
			isa = XCSwiftPackageProductDependency;
			package = 636989412A7254490056CDB3 /* XCRemoteSwiftPackageReference "firebase-ios-sdk" */;
			productName = FirebaseFirestoreSwift;
		};
/* End XCSwiftPackageProductDependency section */
	};
	rootObject = 63482CD52A7252D000AA2DB6 /* Project object */;
}
