// !$*UTF8*$!
{
	archiveVersion = 1;
	classes = {
	};
	objectVersion = 56;
	objects = {

/* Begin PBXBuildFile section */
		632A42392B6C153500C502A5 /* NoProductView.swift in Sources */ = {isa = PBXBuildFile; fileRef = 632A42382B6C153500C502A5 /* NoProductView.swift */; };
		632A423B2B6C20F300C502A5 /* BuyCurrentProductView.swift in Sources */ = {isa = PBXBuildFile; fileRef = 632A423A2B6C20F300C502A5 /* BuyCurrentProductView.swift */; };
		633C4A482B6D111300C8E4B4 /* MakeOrderView.swift in Sources */ = {isa = PBXBuildFile; fileRef = 633C4A472B6D111300C8E4B4 /* MakeOrderView.swift */; };
		633C4A4A2B6D12B100C8E4B4 /* OrderListItem.swift in Sources */ = {isa = PBXBuildFile; fileRef = 633C4A492B6D12B100C8E4B4 /* OrderListItem.swift */; };
		634C3F172B6CD56F00AC0C54 /* Extensions.swift in Sources */ = {isa = PBXBuildFile; fileRef = 634C3F162B6CD56F00AC0C54 /* Extensions.swift */; };
		634C3F192B6CD79E00AC0C54 /* ProductsInBasketListView.swift in Sources */ = {isa = PBXBuildFile; fileRef = 634C3F182B6CD79E00AC0C54 /* ProductsInBasketListView.swift */; };
		63580A772B7090620011568C /* IngredientsSearchScreen.swift in Sources */ = {isa = PBXBuildFile; fileRef = 63580A762B7090620011568C /* IngredientsSearchScreen.swift */; };
		635CFB8C2B68F12A00B91122 /* EmployyeeIDView.swift in Sources */ = {isa = PBXBuildFile; fileRef = 635CFB8B2B68F12A00B91122 /* EmployyeeIDView.swift */; };
		63650EEE2B6A816C0028146F /* ProductMarketScreen.swift in Sources */ = {isa = PBXBuildFile; fileRef = 63650EED2B6A816C0028146F /* ProductMarketScreen.swift */; };
		63650EF02B6A8AAF0028146F /* CustomNavigationStack.swift in Sources */ = {isa = PBXBuildFile; fileRef = 63650EEF2B6A8AAF0028146F /* CustomNavigationStack.swift */; };
		637123D72B69122200739827 /* EmployeeAddView.swift in Sources */ = {isa = PBXBuildFile; fileRef = 637123D62B69122200739827 /* EmployeeAddView.swift */; };
		638807A82B618E510043D14D /* Chango-Regular.ttf in Resources */ = {isa = PBXBuildFile; fileRef = 638807A72B618E4A0043D14D /* Chango-Regular.ttf */; };
		638FA13A2B67D41E0003DC2F /* TextExtensions.swift in Sources */ = {isa = PBXBuildFile; fileRef = 638FA1392B67D41E0003DC2F /* TextExtensions.swift */; };
		638FA1422B67D76F0003DC2F /* MenuScreen.swift in Sources */ = {isa = PBXBuildFile; fileRef = 638FA1412B67D76F0003DC2F /* MenuScreen.swift */; };
		638FA1442B67D77B0003DC2F /* EmployeesScreen.swift in Sources */ = {isa = PBXBuildFile; fileRef = 638FA1432B67D77B0003DC2F /* EmployeesScreen.swift */; };
		638FA1482B67D87B0003DC2F /* ProductsScreen.swift in Sources */ = {isa = PBXBuildFile; fileRef = 638FA1472B67D87B0003DC2F /* ProductsScreen.swift */; };
		638FA14B2B67F7740003DC2F /* EmployeeListView.swift in Sources */ = {isa = PBXBuildFile; fileRef = 638FA14A2B67F7740003DC2F /* EmployeeListView.swift */; };
		638FA14D2B67F85B0003DC2F /* EmployeeModel.swift in Sources */ = {isa = PBXBuildFile; fileRef = 638FA14C2B67F85B0003DC2F /* EmployeeModel.swift */; };
		638FA14F2B67FBED0003DC2F /* EmployeeViewModel.swift in Sources */ = {isa = PBXBuildFile; fileRef = 638FA14E2B67FBED0003DC2F /* EmployeeViewModel.swift */; };
		638FA1512B67FDD50003DC2F /* EmployeeAPI.swift in Sources */ = {isa = PBXBuildFile; fileRef = 638FA1502B67FDD50003DC2F /* EmployeeAPI.swift */; };
		638FA1532B67FF0A0003DC2F /* EmployeeService.swift in Sources */ = {isa = PBXBuildFile; fileRef = 638FA1522B67FF0A0003DC2F /* EmployeeService.swift */; };
		63AA8DE92B70C318006720EC /* ChangeChosenProduct.swift in Sources */ = {isa = PBXBuildFile; fileRef = 63AA8DE82B70C318006720EC /* ChangeChosenProduct.swift */; };
		63BA05A32B60144000E7E3A7 /* RestaurantApp_3_0_App.swift in Sources */ = {isa = PBXBuildFile; fileRef = 63BA05A22B60144000E7E3A7 /* RestaurantApp_3_0_App.swift */; };
		63BA05A72B60144200E7E3A7 /* Assets.xcassets in Resources */ = {isa = PBXBuildFile; fileRef = 63BA05A62B60144200E7E3A7 /* Assets.xcassets */; };
		63BA05AA2B60144200E7E3A7 /* Preview Assets.xcassets in Resources */ = {isa = PBXBuildFile; fileRef = 63BA05A92B60144200E7E3A7 /* Preview Assets.xcassets */; };
		63BA05B22B60154D00E7E3A7 /* FirebaseAnalytics in Frameworks */ = {isa = PBXBuildFile; productRef = 63BA05B12B60154D00E7E3A7 /* FirebaseAnalytics */; };
		63BA05B42B60154D00E7E3A7 /* FirebaseAnalyticsOnDeviceConversion in Frameworks */ = {isa = PBXBuildFile; productRef = 63BA05B32B60154D00E7E3A7 /* FirebaseAnalyticsOnDeviceConversion */; };
		63BA05B62B60154D00E7E3A7 /* FirebaseAnalyticsSwift in Frameworks */ = {isa = PBXBuildFile; productRef = 63BA05B52B60154D00E7E3A7 /* FirebaseAnalyticsSwift */; };
		63BA05B82B60154D00E7E3A7 /* FirebaseAnalyticsWithoutAdIdSupport in Frameworks */ = {isa = PBXBuildFile; productRef = 63BA05B72B60154D00E7E3A7 /* FirebaseAnalyticsWithoutAdIdSupport */; };
		63BA05BA2B60154D00E7E3A7 /* FirebaseAppCheck in Frameworks */ = {isa = PBXBuildFile; productRef = 63BA05B92B60154D00E7E3A7 /* FirebaseAppCheck */; };
		63BA05BC2B6057C100E7E3A7 /* UserManager.swift in Sources */ = {isa = PBXBuildFile; fileRef = 63BA05BB2B6057C100E7E3A7 /* UserManager.swift */; };
		63BA05BF2B60595200E7E3A7 /* IntroductionScreen.swift in Sources */ = {isa = PBXBuildFile; fileRef = 63BA05BE2B60595200E7E3A7 /* IntroductionScreen.swift */; };
		63BA05C12B605A9100E7E3A7 /* AuthScreen.swift in Sources */ = {isa = PBXBuildFile; fileRef = 63BA05C02B605A9100E7E3A7 /* AuthScreen.swift */; };
		63BA05C32B605AA000E7E3A7 /* CreateUserScreen.swift in Sources */ = {isa = PBXBuildFile; fileRef = 63BA05C22B605AA000E7E3A7 /* CreateUserScreen.swift */; };
		63BA05C52B605AE500E7E3A7 /* AuthViewModel.swift in Sources */ = {isa = PBXBuildFile; fileRef = 63BA05C42B605AE500E7E3A7 /* AuthViewModel.swift */; };
		63D7EB682B7236C000224FC7 /* DropDownView.swift in Sources */ = {isa = PBXBuildFile; fileRef = 63D7EB672B7236C000224FC7 /* DropDownView.swift */; };
		63E2FB552B6ABB2E00314569 /* forTest.swift in Sources */ = {isa = PBXBuildFile; fileRef = 63E2FB542B6ABB2E00314569 /* forTest.swift */; };
		63E8AB442B612E9B003179CC /* FirebaseFirestoreSwift in Frameworks */ = {isa = PBXBuildFile; productRef = 63E8AB432B612E9B003179CC /* FirebaseFirestoreSwift */; };
		63E8AB462B613134003179CC /* FirebaseAuth in Frameworks */ = {isa = PBXBuildFile; productRef = 63E8AB452B613134003179CC /* FirebaseAuth */; };
		63E8AB482B613745003179CC /* FirebaseFirestore in Frameworks */ = {isa = PBXBuildFile; productRef = 63E8AB472B613745003179CC /* FirebaseFirestore */; };
		63E8AB4A2B613B11003179CC /* MainTapBarView.swift in Sources */ = {isa = PBXBuildFile; fileRef = 63E8AB492B613B11003179CC /* MainTapBarView.swift */; };
		63E8AB4C2B613DD9003179CC /* GoogleService-Info.plist in Resources */ = {isa = PBXBuildFile; fileRef = 63E8AB4B2B613DD9003179CC /* GoogleService-Info.plist */; };
		63E8AB4E2B613F10003179CC /* MainView.swift in Sources */ = {isa = PBXBuildFile; fileRef = 63E8AB4D2B613F10003179CC /* MainView.swift */; };
		63E8AB502B6143F1003179CC /* ErrorText.swift in Sources */ = {isa = PBXBuildFile; fileRef = 63E8AB4F2B6143F1003179CC /* ErrorText.swift */; };
		63F71DFC2B6DCE81009A91F6 /* ProductInRestaurantListView.swift in Sources */ = {isa = PBXBuildFile; fileRef = 63F71DFB2B6DCE81009A91F6 /* ProductInRestaurantListView.swift */; };
		63F71E002B6DD330009A91F6 /* MenuViewModel.swift in Sources */ = {isa = PBXBuildFile; fileRef = 63F71DFF2B6DD330009A91F6 /* MenuViewModel.swift */; };
		63F71E022B6DD38A009A91F6 /* MenuModel.swift in Sources */ = {isa = PBXBuildFile; fileRef = 63F71E012B6DD38A009A91F6 /* MenuModel.swift */; };
		63F71E042B6DDB00009A91F6 /* CreateNewDishScreen.swift in Sources */ = {isa = PBXBuildFile; fileRef = 63F71E032B6DDB00009A91F6 /* CreateNewDishScreen.swift */; };
		63F71E062B6E4F89009A91F6 /* MenuService.swift in Sources */ = {isa = PBXBuildFile; fileRef = 63F71E052B6E4F89009A91F6 /* MenuService.swift */; };
		63F71E082B6E4F97009A91F6 /* MenuAPI.swift in Sources */ = {isa = PBXBuildFile; fileRef = 63F71E072B6E4F96009A91F6 /* MenuAPI.swift */; };
		63F71E0A2B6E50C3009A91F6 /* FirebaseStorage in Frameworks */ = {isa = PBXBuildFile; productRef = 63F71E092B6E50C3009A91F6 /* FirebaseStorage */; };
		63F71E0C2B6E6295009A91F6 /* MenuListItemView.swift in Sources */ = {isa = PBXBuildFile; fileRef = 63F71E0B2B6E6295009A91F6 /* MenuListItemView.swift */; };
		63FB01D72B606FAA0051EAED /* CustomTextField.swift in Sources */ = {isa = PBXBuildFile; fileRef = 63FB01D62B606FAA0051EAED /* CustomTextField.swift */; };
		63FC1BB62B692413008E6116 /* ProductsService.swift in Sources */ = {isa = PBXBuildFile; fileRef = 63FC1BB52B692413008E6116 /* ProductsService.swift */; };
		63FC1BB82B69241F008E6116 /* ProductsAPI.swift in Sources */ = {isa = PBXBuildFile; fileRef = 63FC1BB72B69241F008E6116 /* ProductsAPI.swift */; };
		63FC1BBA2B69244E008E6116 /* ProductsModel.swift in Sources */ = {isa = PBXBuildFile; fileRef = 63FC1BB92B69244E008E6116 /* ProductsModel.swift */; };
		63FC1BBC2B692459008E6116 /* ProductsViewModel.swift in Sources */ = {isa = PBXBuildFile; fileRef = 63FC1BBB2B692459008E6116 /* ProductsViewModel.swift */; };
		63FC1BBE2B6A3808008E6116 /* ProductListView.swift in Sources */ = {isa = PBXBuildFile; fileRef = 63FC1BBD2B6A3808008E6116 /* ProductListView.swift */; };
		63FC1BC12B6A4FF9008E6116 /* GoToNextViewButton.swift in Sources */ = {isa = PBXBuildFile; fileRef = 63FC1BC02B6A4FF9008E6116 /* GoToNextViewButton.swift */; };
/* End PBXBuildFile section */

/* Begin PBXFileReference section */
		632A42382B6C153500C502A5 /* NoProductView.swift */ = {isa = PBXFileReference; lastKnownFileType = sourcecode.swift; path = NoProductView.swift; sourceTree = "<group>"; };
		632A423A2B6C20F300C502A5 /* BuyCurrentProductView.swift */ = {isa = PBXFileReference; lastKnownFileType = sourcecode.swift; path = BuyCurrentProductView.swift; sourceTree = "<group>"; };
		633C4A472B6D111300C8E4B4 /* MakeOrderView.swift */ = {isa = PBXFileReference; lastKnownFileType = sourcecode.swift; path = MakeOrderView.swift; sourceTree = "<group>"; };
		633C4A492B6D12B100C8E4B4 /* OrderListItem.swift */ = {isa = PBXFileReference; lastKnownFileType = sourcecode.swift; path = OrderListItem.swift; sourceTree = "<group>"; };
		634C3F162B6CD56F00AC0C54 /* Extensions.swift */ = {isa = PBXFileReference; lastKnownFileType = sourcecode.swift; path = Extensions.swift; sourceTree = "<group>"; };
		634C3F182B6CD79E00AC0C54 /* ProductsInBasketListView.swift */ = {isa = PBXFileReference; lastKnownFileType = sourcecode.swift; path = ProductsInBasketListView.swift; sourceTree = "<group>"; };
		63580A762B7090620011568C /* IngredientsSearchScreen.swift */ = {isa = PBXFileReference; lastKnownFileType = sourcecode.swift; path = IngredientsSearchScreen.swift; sourceTree = "<group>"; };
		635CFB8B2B68F12A00B91122 /* EmployyeeIDView.swift */ = {isa = PBXFileReference; lastKnownFileType = sourcecode.swift; path = EmployyeeIDView.swift; sourceTree = "<group>"; };
		63650EED2B6A816C0028146F /* ProductMarketScreen.swift */ = {isa = PBXFileReference; lastKnownFileType = sourcecode.swift; path = ProductMarketScreen.swift; sourceTree = "<group>"; };
		63650EEF2B6A8AAF0028146F /* CustomNavigationStack.swift */ = {isa = PBXFileReference; lastKnownFileType = sourcecode.swift; path = CustomNavigationStack.swift; sourceTree = "<group>"; };
		637123D62B69122200739827 /* EmployeeAddView.swift */ = {isa = PBXFileReference; lastKnownFileType = sourcecode.swift; path = EmployeeAddView.swift; sourceTree = "<group>"; };
		638807A72B618E4A0043D14D /* Chango-Regular.ttf */ = {isa = PBXFileReference; lastKnownFileType = file; path = "Chango-Regular.ttf"; sourceTree = "<group>"; };
		638FA1392B67D41E0003DC2F /* TextExtensions.swift */ = {isa = PBXFileReference; lastKnownFileType = sourcecode.swift; path = TextExtensions.swift; sourceTree = "<group>"; };
		638FA1412B67D76F0003DC2F /* MenuScreen.swift */ = {isa = PBXFileReference; lastKnownFileType = sourcecode.swift; path = MenuScreen.swift; sourceTree = "<group>"; };
		638FA1432B67D77B0003DC2F /* EmployeesScreen.swift */ = {isa = PBXFileReference; lastKnownFileType = sourcecode.swift; path = EmployeesScreen.swift; sourceTree = "<group>"; };
		638FA1472B67D87B0003DC2F /* ProductsScreen.swift */ = {isa = PBXFileReference; lastKnownFileType = sourcecode.swift; path = ProductsScreen.swift; sourceTree = "<group>"; };
		638FA14A2B67F7740003DC2F /* EmployeeListView.swift */ = {isa = PBXFileReference; lastKnownFileType = sourcecode.swift; path = EmployeeListView.swift; sourceTree = "<group>"; };
		638FA14C2B67F85B0003DC2F /* EmployeeModel.swift */ = {isa = PBXFileReference; lastKnownFileType = sourcecode.swift; path = EmployeeModel.swift; sourceTree = "<group>"; };
		638FA14E2B67FBED0003DC2F /* EmployeeViewModel.swift */ = {isa = PBXFileReference; lastKnownFileType = sourcecode.swift; path = EmployeeViewModel.swift; sourceTree = "<group>"; };
		638FA1502B67FDD50003DC2F /* EmployeeAPI.swift */ = {isa = PBXFileReference; lastKnownFileType = sourcecode.swift; path = EmployeeAPI.swift; sourceTree = "<group>"; };
		638FA1522B67FF0A0003DC2F /* EmployeeService.swift */ = {isa = PBXFileReference; lastKnownFileType = sourcecode.swift; path = EmployeeService.swift; sourceTree = "<group>"; };
		63AA8DE82B70C318006720EC /* ChangeChosenProduct.swift */ = {isa = PBXFileReference; lastKnownFileType = sourcecode.swift; path = ChangeChosenProduct.swift; sourceTree = "<group>"; };
		63BA059F2B60144000E7E3A7 /* RestaurantApp(3.0).app */ = {isa = PBXFileReference; explicitFileType = wrapper.application; includeInIndex = 0; path = "RestaurantApp(3.0).app"; sourceTree = BUILT_PRODUCTS_DIR; };
		63BA05A22B60144000E7E3A7 /* RestaurantApp_3_0_App.swift */ = {isa = PBXFileReference; lastKnownFileType = sourcecode.swift; path = RestaurantApp_3_0_App.swift; sourceTree = "<group>"; };
		63BA05A62B60144200E7E3A7 /* Assets.xcassets */ = {isa = PBXFileReference; lastKnownFileType = folder.assetcatalog; path = Assets.xcassets; sourceTree = "<group>"; };
		63BA05A92B60144200E7E3A7 /* Preview Assets.xcassets */ = {isa = PBXFileReference; lastKnownFileType = folder.assetcatalog; path = "Preview Assets.xcassets"; sourceTree = "<group>"; };
		63BA05BB2B6057C100E7E3A7 /* UserManager.swift */ = {isa = PBXFileReference; lastKnownFileType = sourcecode.swift; path = UserManager.swift; sourceTree = "<group>"; };
		63BA05BE2B60595200E7E3A7 /* IntroductionScreen.swift */ = {isa = PBXFileReference; lastKnownFileType = sourcecode.swift; path = IntroductionScreen.swift; sourceTree = "<group>"; };
		63BA05C02B605A9100E7E3A7 /* AuthScreen.swift */ = {isa = PBXFileReference; lastKnownFileType = sourcecode.swift; path = AuthScreen.swift; sourceTree = "<group>"; };
		63BA05C22B605AA000E7E3A7 /* CreateUserScreen.swift */ = {isa = PBXFileReference; lastKnownFileType = sourcecode.swift; path = CreateUserScreen.swift; sourceTree = "<group>"; };
		63BA05C42B605AE500E7E3A7 /* AuthViewModel.swift */ = {isa = PBXFileReference; lastKnownFileType = sourcecode.swift; path = AuthViewModel.swift; sourceTree = "<group>"; };
		63D7EB672B7236C000224FC7 /* DropDownView.swift */ = {isa = PBXFileReference; lastKnownFileType = sourcecode.swift; path = DropDownView.swift; sourceTree = "<group>"; };
		63E2FB542B6ABB2E00314569 /* forTest.swift */ = {isa = PBXFileReference; fileEncoding = 4; lastKnownFileType = sourcecode.swift; path = forTest.swift; sourceTree = "<group>"; };
		63E8AB492B613B11003179CC /* MainTapBarView.swift */ = {isa = PBXFileReference; lastKnownFileType = sourcecode.swift; path = MainTapBarView.swift; sourceTree = "<group>"; };
		63E8AB4B2B613DD9003179CC /* GoogleService-Info.plist */ = {isa = PBXFileReference; fileEncoding = 4; lastKnownFileType = text.plist.xml; path = "GoogleService-Info.plist"; sourceTree = "<group>"; };
		63E8AB4D2B613F10003179CC /* MainView.swift */ = {isa = PBXFileReference; lastKnownFileType = sourcecode.swift; path = MainView.swift; sourceTree = "<group>"; };
		63E8AB4F2B6143F1003179CC /* ErrorText.swift */ = {isa = PBXFileReference; lastKnownFileType = sourcecode.swift; path = ErrorText.swift; sourceTree = "<group>"; };
		63F71DFB2B6DCE81009A91F6 /* ProductInRestaurantListView.swift */ = {isa = PBXFileReference; lastKnownFileType = sourcecode.swift; path = ProductInRestaurantListView.swift; sourceTree = "<group>"; };
		63F71DFF2B6DD330009A91F6 /* MenuViewModel.swift */ = {isa = PBXFileReference; lastKnownFileType = sourcecode.swift; path = MenuViewModel.swift; sourceTree = "<group>"; };
		63F71E012B6DD38A009A91F6 /* MenuModel.swift */ = {isa = PBXFileReference; lastKnownFileType = sourcecode.swift; path = MenuModel.swift; sourceTree = "<group>"; };
		63F71E032B6DDB00009A91F6 /* CreateNewDishScreen.swift */ = {isa = PBXFileReference; lastKnownFileType = sourcecode.swift; path = CreateNewDishScreen.swift; sourceTree = "<group>"; };
		63F71E052B6E4F89009A91F6 /* MenuService.swift */ = {isa = PBXFileReference; lastKnownFileType = sourcecode.swift; path = MenuService.swift; sourceTree = "<group>"; };
		63F71E072B6E4F96009A91F6 /* MenuAPI.swift */ = {isa = PBXFileReference; lastKnownFileType = sourcecode.swift; path = MenuAPI.swift; sourceTree = "<group>"; };
		63F71E0B2B6E6295009A91F6 /* MenuListItemView.swift */ = {isa = PBXFileReference; lastKnownFileType = sourcecode.swift; path = MenuListItemView.swift; sourceTree = "<group>"; };
		63FB01D62B606FAA0051EAED /* CustomTextField.swift */ = {isa = PBXFileReference; lastKnownFileType = sourcecode.swift; path = CustomTextField.swift; sourceTree = "<group>"; };
		63FC1BB52B692413008E6116 /* ProductsService.swift */ = {isa = PBXFileReference; lastKnownFileType = sourcecode.swift; path = ProductsService.swift; sourceTree = "<group>"; };
		63FC1BB72B69241F008E6116 /* ProductsAPI.swift */ = {isa = PBXFileReference; lastKnownFileType = sourcecode.swift; path = ProductsAPI.swift; sourceTree = "<group>"; };
		63FC1BB92B69244E008E6116 /* ProductsModel.swift */ = {isa = PBXFileReference; lastKnownFileType = sourcecode.swift; path = ProductsModel.swift; sourceTree = "<group>"; };
		63FC1BBB2B692459008E6116 /* ProductsViewModel.swift */ = {isa = PBXFileReference; lastKnownFileType = sourcecode.swift; path = ProductsViewModel.swift; sourceTree = "<group>"; };
		63FC1BBD2B6A3808008E6116 /* ProductListView.swift */ = {isa = PBXFileReference; lastKnownFileType = sourcecode.swift; path = ProductListView.swift; sourceTree = "<group>"; };
		63FC1BC02B6A4FF9008E6116 /* GoToNextViewButton.swift */ = {isa = PBXFileReference; lastKnownFileType = sourcecode.swift; path = GoToNextViewButton.swift; sourceTree = "<group>"; };
/* End PBXFileReference section */

/* Begin PBXFrameworksBuildPhase section */
		63BA059C2B60144000E7E3A7 /* Frameworks */ = {
			isa = PBXFrameworksBuildPhase;
			buildActionMask = 2147483647;
			files = (
				63BA05B62B60154D00E7E3A7 /* FirebaseAnalyticsSwift in Frameworks */,
				63BA05B22B60154D00E7E3A7 /* FirebaseAnalytics in Frameworks */,
				63F71E0A2B6E50C3009A91F6 /* FirebaseStorage in Frameworks */,
				63BA05B42B60154D00E7E3A7 /* FirebaseAnalyticsOnDeviceConversion in Frameworks */,
				63BA05BA2B60154D00E7E3A7 /* FirebaseAppCheck in Frameworks */,
				63BA05B82B60154D00E7E3A7 /* FirebaseAnalyticsWithoutAdIdSupport in Frameworks */,
				63E8AB482B613745003179CC /* FirebaseFirestore in Frameworks */,
				63E8AB462B613134003179CC /* FirebaseAuth in Frameworks */,
				63E8AB442B612E9B003179CC /* FirebaseFirestoreSwift in Frameworks */,
			);
			runOnlyForDeploymentPostprocessing = 0;
		};
/* End PBXFrameworksBuildPhase section */

/* Begin PBXGroup section */
		6302D65C2B6185A400B2250A /* Fonts */ = {
			isa = PBXGroup;
			children = (
				638807A72B618E4A0043D14D /* Chango-Regular.ttf */,
			);
			path = Fonts;
			sourceTree = "<group>";
		};
		638FA13B2B67D4220003DC2F /* Extensions */ = {
			isa = PBXGroup;
			children = (
				638FA1392B67D41E0003DC2F /* TextExtensions.swift */,
				634C3F162B6CD56F00AC0C54 /* Extensions.swift */,
			);
			path = Extensions;
			sourceTree = "<group>";
		};
		638FA13D2B67D7200003DC2F /* MenuModule */ = {
			isa = PBXGroup;
			children = (
				638FA1412B67D76F0003DC2F /* MenuScreen.swift */,
				63F71E032B6DDB00009A91F6 /* CreateNewDishScreen.swift */,
				63580A762B7090620011568C /* IngredientsSearchScreen.swift */,
				63F71DFF2B6DD330009A91F6 /* MenuViewModel.swift */,
				63F71E012B6DD38A009A91F6 /* MenuModel.swift */,
				63F71DFD2B6DD2E7009A91F6 /* Network */,
				63F71DFE2B6DD300009A91F6 /* Views */,
			);
			path = MenuModule;
			sourceTree = "<group>";
		};
		638FA13E2B67D7370003DC2F /* ProductsModule */ = {
			isa = PBXGroup;
			children = (
				638FA1472B67D87B0003DC2F /* ProductsScreen.swift */,
				63650EED2B6A816C0028146F /* ProductMarketScreen.swift */,
				63FC1BB92B69244E008E6116 /* ProductsModel.swift */,
				63FC1BBB2B692459008E6116 /* ProductsViewModel.swift */,
				63FC1BB42B6923CE008E6116 /* Network */,
				63FC1BBF2B6A3BA9008E6116 /* Views */,
			);
			path = ProductsModule;
			sourceTree = "<group>";
		};
		638FA13F2B67D7450003DC2F /* EmployeesModule */ = {
			isa = PBXGroup;
			children = (
				638FA1432B67D77B0003DC2F /* EmployeesScreen.swift */,
				638FA14C2B67F85B0003DC2F /* EmployeeModel.swift */,
				638FA14E2B67FBED0003DC2F /* EmployeeViewModel.swift */,
				638FA1542B6804440003DC2F /* Network */,
				638FA1492B67F7590003DC2F /* Views */,
			);
			path = EmployeesModule;
			sourceTree = "<group>";
		};
		638FA1492B67F7590003DC2F /* Views */ = {
			isa = PBXGroup;
			children = (
				638FA14A2B67F7740003DC2F /* EmployeeListView.swift */,
				635CFB8B2B68F12A00B91122 /* EmployyeeIDView.swift */,
				637123D62B69122200739827 /* EmployeeAddView.swift */,
			);
			path = Views;
			sourceTree = "<group>";
		};
		638FA1542B6804440003DC2F /* Network */ = {
			isa = PBXGroup;
			children = (
				638FA1502B67FDD50003DC2F /* EmployeeAPI.swift */,
				638FA1522B67FF0A0003DC2F /* EmployeeService.swift */,
			);
			path = Network;
			sourceTree = "<group>";
		};
		63BA05962B60144000E7E3A7 = {
			isa = PBXGroup;
			children = (
				63BA05A12B60144000E7E3A7 /* RestaurantApp(3.0) */,
				63BA05A02B60144000E7E3A7 /* Products */,
				63E8AB422B612E9B003179CC /* Frameworks */,
			);
			sourceTree = "<group>";
		};
		63BA05A02B60144000E7E3A7 /* Products */ = {
			isa = PBXGroup;
			children = (
				63BA059F2B60144000E7E3A7 /* RestaurantApp(3.0).app */,
			);
			name = Products;
			sourceTree = "<group>";
		};
		63BA05A12B60144000E7E3A7 /* RestaurantApp(3.0) */ = {
			isa = PBXGroup;
			children = (
				63BA05A22B60144000E7E3A7 /* RestaurantApp_3_0_App.swift */,
				63E8AB4D2B613F10003179CC /* MainView.swift */,
				638FA13F2B67D7450003DC2F /* EmployeesModule */,
				638FA13E2B67D7370003DC2F /* ProductsModule */,
				638FA13D2B67D7200003DC2F /* MenuModule */,
				63BA05BB2B6057C100E7E3A7 /* UserManager.swift */,
				63E8AB4B2B613DD9003179CC /* GoogleService-Info.plist */,
				63FB01D52B606F5D0051EAED /* Helpers */,
				63BA05BD2B60590A00E7E3A7 /* AuthModule */,
				63BA05A62B60144200E7E3A7 /* Assets.xcassets */,
				6302D65C2B6185A400B2250A /* Fonts */,
				63BA05A82B60144200E7E3A7 /* Preview Content */,
			);
			path = "RestaurantApp(3.0)";
			sourceTree = "<group>";
		};
		63BA05A82B60144200E7E3A7 /* Preview Content */ = {
			isa = PBXGroup;
			children = (
				63BA05A92B60144200E7E3A7 /* Preview Assets.xcassets */,
			);
			path = "Preview Content";
			sourceTree = "<group>";
		};
		63BA05BD2B60590A00E7E3A7 /* AuthModule */ = {
			isa = PBXGroup;
			children = (
				63BA05BE2B60595200E7E3A7 /* IntroductionScreen.swift */,
				63BA05C42B605AE500E7E3A7 /* AuthViewModel.swift */,
				63BA05C02B605A9100E7E3A7 /* AuthScreen.swift */,
				63BA05C22B605AA000E7E3A7 /* CreateUserScreen.swift */,
			);
			path = AuthModule;
			sourceTree = "<group>";
		};
		63E8AB422B612E9B003179CC /* Frameworks */ = {
			isa = PBXGroup;
			children = (
			);
			name = Frameworks;
			sourceTree = "<group>";
		};
		63F71DFD2B6DD2E7009A91F6 /* Network */ = {
			isa = PBXGroup;
			children = (
				63F71E052B6E4F89009A91F6 /* MenuService.swift */,
				63F71E072B6E4F96009A91F6 /* MenuAPI.swift */,
			);
			path = Network;
			sourceTree = "<group>";
		};
		63F71DFE2B6DD300009A91F6 /* Views */ = {
			isa = PBXGroup;
			children = (
				63F71E0B2B6E6295009A91F6 /* MenuListItemView.swift */,
			);
			path = Views;
			sourceTree = "<group>";
		};
		63FB01D52B606F5D0051EAED /* Helpers */ = {
			isa = PBXGroup;
			children = (
				638FA13B2B67D4220003DC2F /* Extensions */,
				63FB01D62B606FAA0051EAED /* CustomTextField.swift */,
				63650EEF2B6A8AAF0028146F /* CustomNavigationStack.swift */,
				63E2FB542B6ABB2E00314569 /* forTest.swift */,
				63D7EB672B7236C000224FC7 /* DropDownView.swift */,
				63E8AB4F2B6143F1003179CC /* ErrorText.swift */,
				63E8AB492B613B11003179CC /* MainTapBarView.swift */,
			);
			path = Helpers;
			sourceTree = "<group>";
		};
		63FC1BB42B6923CE008E6116 /* Network */ = {
			isa = PBXGroup;
			children = (
				63FC1BB52B692413008E6116 /* ProductsService.swift */,
				63FC1BB72B69241F008E6116 /* ProductsAPI.swift */,
			);
			path = Network;
			sourceTree = "<group>";
		};
		63FC1BBF2B6A3BA9008E6116 /* Views */ = {
			isa = PBXGroup;
			children = (
				63FC1BBD2B6A3808008E6116 /* ProductListView.swift */,
				63F71DFB2B6DCE81009A91F6 /* ProductInRestaurantListView.swift */,
				63FC1BC02B6A4FF9008E6116 /* GoToNextViewButton.swift */,
				632A42382B6C153500C502A5 /* NoProductView.swift */,
				632A423A2B6C20F300C502A5 /* BuyCurrentProductView.swift */,
				634C3F182B6CD79E00AC0C54 /* ProductsInBasketListView.swift */,
				633C4A472B6D111300C8E4B4 /* MakeOrderView.swift */,
				633C4A492B6D12B100C8E4B4 /* OrderListItem.swift */,
				63AA8DE82B70C318006720EC /* ChangeChosenProduct.swift */,
			);
			path = Views;
			sourceTree = "<group>";
		};
/* End PBXGroup section */

/* Begin PBXNativeTarget section */
		63BA059E2B60144000E7E3A7 /* RestaurantApp(3.0) */ = {
			isa = PBXNativeTarget;
			buildConfigurationList = 63BA05AD2B60144200E7E3A7 /* Build configuration list for PBXNativeTarget "RestaurantApp(3.0)" */;
			buildPhases = (
				63BA059B2B60144000E7E3A7 /* Sources */,
				63BA059C2B60144000E7E3A7 /* Frameworks */,
				63BA059D2B60144000E7E3A7 /* Resources */,
			);
			buildRules = (
			);
			dependencies = (
			);
			name = "RestaurantApp(3.0)";
			packageProductDependencies = (
				63BA05B12B60154D00E7E3A7 /* FirebaseAnalytics */,
				63BA05B32B60154D00E7E3A7 /* FirebaseAnalyticsOnDeviceConversion */,
				63BA05B52B60154D00E7E3A7 /* FirebaseAnalyticsSwift */,
				63BA05B72B60154D00E7E3A7 /* FirebaseAnalyticsWithoutAdIdSupport */,
				63BA05B92B60154D00E7E3A7 /* FirebaseAppCheck */,
				63E8AB432B612E9B003179CC /* FirebaseFirestoreSwift */,
				63E8AB452B613134003179CC /* FirebaseAuth */,
				63E8AB472B613745003179CC /* FirebaseFirestore */,
				63F71E092B6E50C3009A91F6 /* FirebaseStorage */,
			);
			productName = "RestaurantApp(3.0)";
			productReference = 63BA059F2B60144000E7E3A7 /* RestaurantApp(3.0).app */;
			productType = "com.apple.product-type.application";
		};
/* End PBXNativeTarget section */

/* Begin PBXProject section */
		63BA05972B60144000E7E3A7 /* Project object */ = {
			isa = PBXProject;
			attributes = {
				BuildIndependentTargetsInParallel = 1;
				LastSwiftUpdateCheck = 1500;
				LastUpgradeCheck = 1500;
				TargetAttributes = {
					63BA059E2B60144000E7E3A7 = {
						CreatedOnToolsVersion = 15.0.1;
					};
				};
			};
			buildConfigurationList = 63BA059A2B60144000E7E3A7 /* Build configuration list for PBXProject "RestaurantApp(3.0)" */;
			compatibilityVersion = "Xcode 14.0";
			developmentRegion = en;
			hasScannedForEncodings = 0;
			knownRegions = (
				en,
				Base,
			);
			mainGroup = 63BA05962B60144000E7E3A7;
			packageReferences = (
				63BA05B02B60154D00E7E3A7 /* XCRemoteSwiftPackageReference "firebase-ios-sdk" */,
			);
			productRefGroup = 63BA05A02B60144000E7E3A7 /* Products */;
			projectDirPath = "";
			projectRoot = "";
			targets = (
				63BA059E2B60144000E7E3A7 /* RestaurantApp(3.0) */,
			);
		};
/* End PBXProject section */

/* Begin PBXResourcesBuildPhase section */
		63BA059D2B60144000E7E3A7 /* Resources */ = {
			isa = PBXResourcesBuildPhase;
			buildActionMask = 2147483647;
			files = (
				63BA05AA2B60144200E7E3A7 /* Preview Assets.xcassets in Resources */,
				638807A82B618E510043D14D /* Chango-Regular.ttf in Resources */,
				63BA05A72B60144200E7E3A7 /* Assets.xcassets in Resources */,
				63E8AB4C2B613DD9003179CC /* GoogleService-Info.plist in Resources */,
			);
			runOnlyForDeploymentPostprocessing = 0;
		};
/* End PBXResourcesBuildPhase section */

/* Begin PBXSourcesBuildPhase section */
		63BA059B2B60144000E7E3A7 /* Sources */ = {
			isa = PBXSourcesBuildPhase;
			buildActionMask = 2147483647;
			files = (
				638FA1532B67FF0A0003DC2F /* EmployeeService.swift in Sources */,
				63FC1BC12B6A4FF9008E6116 /* GoToNextViewButton.swift in Sources */,
				638FA1422B67D76F0003DC2F /* MenuScreen.swift in Sources */,
				63F71E002B6DD330009A91F6 /* MenuViewModel.swift in Sources */,
				637123D72B69122200739827 /* EmployeeAddView.swift in Sources */,
				63FC1BB82B69241F008E6116 /* ProductsAPI.swift in Sources */,
				632A423B2B6C20F300C502A5 /* BuyCurrentProductView.swift in Sources */,
				638FA1442B67D77B0003DC2F /* EmployeesScreen.swift in Sources */,
				638FA13A2B67D41E0003DC2F /* TextExtensions.swift in Sources */,
				63E8AB4E2B613F10003179CC /* MainView.swift in Sources */,
				633C4A4A2B6D12B100C8E4B4 /* OrderListItem.swift in Sources */,
				63BA05BC2B6057C100E7E3A7 /* UserManager.swift in Sources */,
				63650EEE2B6A816C0028146F /* ProductMarketScreen.swift in Sources */,
				634C3F172B6CD56F00AC0C54 /* Extensions.swift in Sources */,
				63580A772B7090620011568C /* IngredientsSearchScreen.swift in Sources */,
				63BA05BF2B60595200E7E3A7 /* IntroductionScreen.swift in Sources */,
				63E2FB552B6ABB2E00314569 /* forTest.swift in Sources */,
				63D7EB682B7236C000224FC7 /* DropDownView.swift in Sources */,
				63BA05C52B605AE500E7E3A7 /* AuthViewModel.swift in Sources */,
				638FA14B2B67F7740003DC2F /* EmployeeListView.swift in Sources */,
				63F71E042B6DDB00009A91F6 /* CreateNewDishScreen.swift in Sources */,
				63E8AB4A2B613B11003179CC /* MainTapBarView.swift in Sources */,
				63650EF02B6A8AAF0028146F /* CustomNavigationStack.swift in Sources */,
				63F71E0C2B6E6295009A91F6 /* MenuListItemView.swift in Sources */,
				63E8AB502B6143F1003179CC /* ErrorText.swift in Sources */,
				634C3F192B6CD79E00AC0C54 /* ProductsInBasketListView.swift in Sources */,
				633C4A482B6D111300C8E4B4 /* MakeOrderView.swift in Sources */,
				63FC1BBC2B692459008E6116 /* ProductsViewModel.swift in Sources */,
				638FA1482B67D87B0003DC2F /* ProductsScreen.swift in Sources */,
				63F71E062B6E4F89009A91F6 /* MenuService.swift in Sources */,
				638FA14F2B67FBED0003DC2F /* EmployeeViewModel.swift in Sources */,
				635CFB8C2B68F12A00B91122 /* EmployyeeIDView.swift in Sources */,
				63AA8DE92B70C318006720EC /* ChangeChosenProduct.swift in Sources */,
				632A42392B6C153500C502A5 /* NoProductView.swift in Sources */,
				638FA1512B67FDD50003DC2F /* EmployeeAPI.swift in Sources */,
				63F71E082B6E4F97009A91F6 /* MenuAPI.swift in Sources */,
				63FB01D72B606FAA0051EAED /* CustomTextField.swift in Sources */,
				63BA05A32B60144000E7E3A7 /* RestaurantApp_3_0_App.swift in Sources */,
				63FC1BBA2B69244E008E6116 /* ProductsModel.swift in Sources */,
				63BA05C32B605AA000E7E3A7 /* CreateUserScreen.swift in Sources */,
				63FC1BBE2B6A3808008E6116 /* ProductListView.swift in Sources */,
				63F71DFC2B6DCE81009A91F6 /* ProductInRestaurantListView.swift in Sources */,
				63F71E022B6DD38A009A91F6 /* MenuModel.swift in Sources */,
				63BA05C12B605A9100E7E3A7 /* AuthScreen.swift in Sources */,
				638FA14D2B67F85B0003DC2F /* EmployeeModel.swift in Sources */,
				63FC1BB62B692413008E6116 /* ProductsService.swift in Sources */,
			);
			runOnlyForDeploymentPostprocessing = 0;
		};
/* End PBXSourcesBuildPhase section */

/* Begin XCBuildConfiguration section */
		63BA05AB2B60144200E7E3A7 /* Debug */ = {
			isa = XCBuildConfiguration;
			buildSettings = {
				ALWAYS_SEARCH_USER_PATHS = NO;
				ASSETCATALOG_COMPILER_GENERATE_SWIFT_ASSET_SYMBOL_EXTENSIONS = YES;
				CLANG_ANALYZER_NONNULL = YES;
				CLANG_ANALYZER_NUMBER_OBJECT_CONVERSION = YES_AGGRESSIVE;
				CLANG_CXX_LANGUAGE_STANDARD = "gnu++20";
				CLANG_ENABLE_MODULES = YES;
				CLANG_ENABLE_OBJC_ARC = YES;
				CLANG_ENABLE_OBJC_WEAK = YES;
				CLANG_WARN_BLOCK_CAPTURE_AUTORELEASING = YES;
				CLANG_WARN_BOOL_CONVERSION = YES;
				CLANG_WARN_COMMA = YES;
				CLANG_WARN_CONSTANT_CONVERSION = YES;
				CLANG_WARN_DEPRECATED_OBJC_IMPLEMENTATIONS = YES;
				CLANG_WARN_DIRECT_OBJC_ISA_USAGE = YES_ERROR;
				CLANG_WARN_DOCUMENTATION_COMMENTS = YES;
				CLANG_WARN_EMPTY_BODY = YES;
				CLANG_WARN_ENUM_CONVERSION = YES;
				CLANG_WARN_INFINITE_RECURSION = YES;
				CLANG_WARN_INT_CONVERSION = YES;
				CLANG_WARN_NON_LITERAL_NULL_CONVERSION = YES;
				CLANG_WARN_OBJC_IMPLICIT_RETAIN_SELF = YES;
				CLANG_WARN_OBJC_LITERAL_CONVERSION = YES;
				CLANG_WARN_OBJC_ROOT_CLASS = YES_ERROR;
				CLANG_WARN_QUOTED_INCLUDE_IN_FRAMEWORK_HEADER = YES;
				CLANG_WARN_RANGE_LOOP_ANALYSIS = YES;
				CLANG_WARN_STRICT_PROTOTYPES = YES;
				CLANG_WARN_SUSPICIOUS_MOVE = YES;
				CLANG_WARN_UNGUARDED_AVAILABILITY = YES_AGGRESSIVE;
				CLANG_WARN_UNREACHABLE_CODE = YES;
				CLANG_WARN__DUPLICATE_METHOD_MATCH = YES;
				COPY_PHASE_STRIP = NO;
				DEBUG_INFORMATION_FORMAT = dwarf;
				ENABLE_STRICT_OBJC_MSGSEND = YES;
				ENABLE_TESTABILITY = YES;
				ENABLE_USER_SCRIPT_SANDBOXING = YES;
				GCC_C_LANGUAGE_STANDARD = gnu17;
				GCC_DYNAMIC_NO_PIC = NO;
				GCC_NO_COMMON_BLOCKS = YES;
				GCC_OPTIMIZATION_LEVEL = 0;
				GCC_PREPROCESSOR_DEFINITIONS = (
					"DEBUG=1",
					"$(inherited)",
				);
				GCC_WARN_64_TO_32_BIT_CONVERSION = YES;
				GCC_WARN_ABOUT_RETURN_TYPE = YES_ERROR;
				GCC_WARN_UNDECLARED_SELECTOR = YES;
				GCC_WARN_UNINITIALIZED_AUTOS = YES_AGGRESSIVE;
				GCC_WARN_UNUSED_FUNCTION = YES;
				GCC_WARN_UNUSED_VARIABLE = YES;
				IPHONEOS_DEPLOYMENT_TARGET = 17.0;
				LOCALIZATION_PREFERS_STRING_CATALOGS = YES;
				MTL_ENABLE_DEBUG_INFO = INCLUDE_SOURCE;
				MTL_FAST_MATH = YES;
				ONLY_ACTIVE_ARCH = YES;
				SDKROOT = iphoneos;
				SWIFT_ACTIVE_COMPILATION_CONDITIONS = "DEBUG $(inherited)";
				SWIFT_OPTIMIZATION_LEVEL = "-Onone";
			};
			name = Debug;
		};
		63BA05AC2B60144200E7E3A7 /* Release */ = {
			isa = XCBuildConfiguration;
			buildSettings = {
				ALWAYS_SEARCH_USER_PATHS = NO;
				ASSETCATALOG_COMPILER_GENERATE_SWIFT_ASSET_SYMBOL_EXTENSIONS = YES;
				CLANG_ANALYZER_NONNULL = YES;
				CLANG_ANALYZER_NUMBER_OBJECT_CONVERSION = YES_AGGRESSIVE;
				CLANG_CXX_LANGUAGE_STANDARD = "gnu++20";
				CLANG_ENABLE_MODULES = YES;
				CLANG_ENABLE_OBJC_ARC = YES;
				CLANG_ENABLE_OBJC_WEAK = YES;
				CLANG_WARN_BLOCK_CAPTURE_AUTORELEASING = YES;
				CLANG_WARN_BOOL_CONVERSION = YES;
				CLANG_WARN_COMMA = YES;
				CLANG_WARN_CONSTANT_CONVERSION = YES;
				CLANG_WARN_DEPRECATED_OBJC_IMPLEMENTATIONS = YES;
				CLANG_WARN_DIRECT_OBJC_ISA_USAGE = YES_ERROR;
				CLANG_WARN_DOCUMENTATION_COMMENTS = YES;
				CLANG_WARN_EMPTY_BODY = YES;
				CLANG_WARN_ENUM_CONVERSION = YES;
				CLANG_WARN_INFINITE_RECURSION = YES;
				CLANG_WARN_INT_CONVERSION = YES;
				CLANG_WARN_NON_LITERAL_NULL_CONVERSION = YES;
				CLANG_WARN_OBJC_IMPLICIT_RETAIN_SELF = YES;
				CLANG_WARN_OBJC_LITERAL_CONVERSION = YES;
				CLANG_WARN_OBJC_ROOT_CLASS = YES_ERROR;
				CLANG_WARN_QUOTED_INCLUDE_IN_FRAMEWORK_HEADER = YES;
				CLANG_WARN_RANGE_LOOP_ANALYSIS = YES;
				CLANG_WARN_STRICT_PROTOTYPES = YES;
				CLANG_WARN_SUSPICIOUS_MOVE = YES;
				CLANG_WARN_UNGUARDED_AVAILABILITY = YES_AGGRESSIVE;
				CLANG_WARN_UNREACHABLE_CODE = YES;
				CLANG_WARN__DUPLICATE_METHOD_MATCH = YES;
				COPY_PHASE_STRIP = NO;
				DEBUG_INFORMATION_FORMAT = "dwarf-with-dsym";
				ENABLE_NS_ASSERTIONS = NO;
				ENABLE_STRICT_OBJC_MSGSEND = YES;
				ENABLE_USER_SCRIPT_SANDBOXING = YES;
				GCC_C_LANGUAGE_STANDARD = gnu17;
				GCC_NO_COMMON_BLOCKS = YES;
				GCC_WARN_64_TO_32_BIT_CONVERSION = YES;
				GCC_WARN_ABOUT_RETURN_TYPE = YES_ERROR;
				GCC_WARN_UNDECLARED_SELECTOR = YES;
				GCC_WARN_UNINITIALIZED_AUTOS = YES_AGGRESSIVE;
				GCC_WARN_UNUSED_FUNCTION = YES;
				GCC_WARN_UNUSED_VARIABLE = YES;
				IPHONEOS_DEPLOYMENT_TARGET = 17.0;
				LOCALIZATION_PREFERS_STRING_CATALOGS = YES;
				MTL_ENABLE_DEBUG_INFO = NO;
				MTL_FAST_MATH = YES;
				SDKROOT = iphoneos;
				SWIFT_COMPILATION_MODE = wholemodule;
				VALIDATE_PRODUCT = YES;
			};
			name = Release;
		};
		63BA05AE2B60144200E7E3A7 /* Debug */ = {
			isa = XCBuildConfiguration;
			buildSettings = {
				ASSETCATALOG_COMPILER_APPICON_NAME = AppIcon;
				ASSETCATALOG_COMPILER_GLOBAL_ACCENT_COLOR_NAME = AccentColor;
				CODE_SIGN_STYLE = Automatic;
				CURRENT_PROJECT_VERSION = 1;
				DEVELOPMENT_ASSET_PATHS = "\"RestaurantApp(3.0)/Preview Content\"";
				DEVELOPMENT_TEAM = 944K4M9L9M;
				ENABLE_PREVIEWS = YES;
				GENERATE_INFOPLIST_FILE = YES;
				INFOPLIST_KEY_UIApplicationSceneManifest_Generation = YES;
				INFOPLIST_KEY_UIApplicationSupportsIndirectInputEvents = YES;
				INFOPLIST_KEY_UILaunchScreen_Generation = YES;
				INFOPLIST_KEY_UISupportedInterfaceOrientations_iPad = "UIInterfaceOrientationPortrait UIInterfaceOrientationPortraitUpsideDown UIInterfaceOrientationLandscapeLeft UIInterfaceOrientationLandscapeRight";
				INFOPLIST_KEY_UISupportedInterfaceOrientations_iPhone = "UIInterfaceOrientationPortrait UIInterfaceOrientationLandscapeLeft UIInterfaceOrientationLandscapeRight";
				LD_RUNPATH_SEARCH_PATHS = (
					"$(inherited)",
					"@executable_path/Frameworks",
				);
				MARKETING_VERSION = 1.0;
				PRODUCT_BUNDLE_IDENTIFIER = "kpfu.RestaurantApp-3-0-";
				PRODUCT_NAME = "$(TARGET_NAME)";
				SWIFT_EMIT_LOC_STRINGS = YES;
				SWIFT_VERSION = 5.0;
				TARGETED_DEVICE_FAMILY = "1,2";
			};
			name = Debug;
		};
		63BA05AF2B60144200E7E3A7 /* Release */ = {
			isa = XCBuildConfiguration;
			buildSettings = {
				ASSETCATALOG_COMPILER_APPICON_NAME = AppIcon;
				ASSETCATALOG_COMPILER_GLOBAL_ACCENT_COLOR_NAME = AccentColor;
				CODE_SIGN_STYLE = Automatic;
				CURRENT_PROJECT_VERSION = 1;
				DEVELOPMENT_ASSET_PATHS = "\"RestaurantApp(3.0)/Preview Content\"";
				DEVELOPMENT_TEAM = 944K4M9L9M;
				ENABLE_PREVIEWS = YES;
				GENERATE_INFOPLIST_FILE = YES;
				INFOPLIST_KEY_UIApplicationSceneManifest_Generation = YES;
				INFOPLIST_KEY_UIApplicationSupportsIndirectInputEvents = YES;
				INFOPLIST_KEY_UILaunchScreen_Generation = YES;
				INFOPLIST_KEY_UISupportedInterfaceOrientations_iPad = "UIInterfaceOrientationPortrait UIInterfaceOrientationPortraitUpsideDown UIInterfaceOrientationLandscapeLeft UIInterfaceOrientationLandscapeRight";
				INFOPLIST_KEY_UISupportedInterfaceOrientations_iPhone = "UIInterfaceOrientationPortrait UIInterfaceOrientationLandscapeLeft UIInterfaceOrientationLandscapeRight";
				LD_RUNPATH_SEARCH_PATHS = (
					"$(inherited)",
					"@executable_path/Frameworks",
				);
				MARKETING_VERSION = 1.0;
				PRODUCT_BUNDLE_IDENTIFIER = "kpfu.RestaurantApp-3-0-";
				PRODUCT_NAME = "$(TARGET_NAME)";
				SWIFT_EMIT_LOC_STRINGS = YES;
				SWIFT_VERSION = 5.0;
				TARGETED_DEVICE_FAMILY = "1,2";
			};
			name = Release;
		};
/* End XCBuildConfiguration section */

/* Begin XCConfigurationList section */
		63BA059A2B60144000E7E3A7 /* Build configuration list for PBXProject "RestaurantApp(3.0)" */ = {
			isa = XCConfigurationList;
			buildConfigurations = (
				63BA05AB2B60144200E7E3A7 /* Debug */,
				63BA05AC2B60144200E7E3A7 /* Release */,
			);
			defaultConfigurationIsVisible = 0;
			defaultConfigurationName = Release;
		};
		63BA05AD2B60144200E7E3A7 /* Build configuration list for PBXNativeTarget "RestaurantApp(3.0)" */ = {
			isa = XCConfigurationList;
			buildConfigurations = (
				63BA05AE2B60144200E7E3A7 /* Debug */,
				63BA05AF2B60144200E7E3A7 /* Release */,
			);
			defaultConfigurationIsVisible = 0;
			defaultConfigurationName = Release;
		};
/* End XCConfigurationList section */

/* Begin XCRemoteSwiftPackageReference section */
		63BA05B02B60154D00E7E3A7 /* XCRemoteSwiftPackageReference "firebase-ios-sdk" */ = {
			isa = XCRemoteSwiftPackageReference;
			repositoryURL = "https://github.com/firebase/firebase-ios-sdk";
			requirement = {
				kind = upToNextMajorVersion;
				minimumVersion = 10.20.0;
			};
		};
/* End XCRemoteSwiftPackageReference section */

/* Begin XCSwiftPackageProductDependency section */
		63BA05B12B60154D00E7E3A7 /* FirebaseAnalytics */ = {
			isa = XCSwiftPackageProductDependency;
			package = 63BA05B02B60154D00E7E3A7 /* XCRemoteSwiftPackageReference "firebase-ios-sdk" */;
			productName = FirebaseAnalytics;
		};
		63BA05B32B60154D00E7E3A7 /* FirebaseAnalyticsOnDeviceConversion */ = {
			isa = XCSwiftPackageProductDependency;
			package = 63BA05B02B60154D00E7E3A7 /* XCRemoteSwiftPackageReference "firebase-ios-sdk" */;
			productName = FirebaseAnalyticsOnDeviceConversion;
		};
		63BA05B52B60154D00E7E3A7 /* FirebaseAnalyticsSwift */ = {
			isa = XCSwiftPackageProductDependency;
			package = 63BA05B02B60154D00E7E3A7 /* XCRemoteSwiftPackageReference "firebase-ios-sdk" */;
			productName = FirebaseAnalyticsSwift;
		};
		63BA05B72B60154D00E7E3A7 /* FirebaseAnalyticsWithoutAdIdSupport */ = {
			isa = XCSwiftPackageProductDependency;
			package = 63BA05B02B60154D00E7E3A7 /* XCRemoteSwiftPackageReference "firebase-ios-sdk" */;
			productName = FirebaseAnalyticsWithoutAdIdSupport;
		};
		63BA05B92B60154D00E7E3A7 /* FirebaseAppCheck */ = {
			isa = XCSwiftPackageProductDependency;
			package = 63BA05B02B60154D00E7E3A7 /* XCRemoteSwiftPackageReference "firebase-ios-sdk" */;
			productName = FirebaseAppCheck;
		};
		63E8AB432B612E9B003179CC /* FirebaseFirestoreSwift */ = {
			isa = XCSwiftPackageProductDependency;
			package = 63BA05B02B60154D00E7E3A7 /* XCRemoteSwiftPackageReference "firebase-ios-sdk" */;
			productName = FirebaseFirestoreSwift;
		};
		63E8AB452B613134003179CC /* FirebaseAuth */ = {
			isa = XCSwiftPackageProductDependency;
			package = 63BA05B02B60154D00E7E3A7 /* XCRemoteSwiftPackageReference "firebase-ios-sdk" */;
			productName = FirebaseAuth;
		};
		63E8AB472B613745003179CC /* FirebaseFirestore */ = {
			isa = XCSwiftPackageProductDependency;
			package = 63BA05B02B60154D00E7E3A7 /* XCRemoteSwiftPackageReference "firebase-ios-sdk" */;
			productName = FirebaseFirestore;
		};
		63F71E092B6E50C3009A91F6 /* FirebaseStorage */ = {
			isa = XCSwiftPackageProductDependency;
			package = 63BA05B02B60154D00E7E3A7 /* XCRemoteSwiftPackageReference "firebase-ios-sdk" */;
			productName = FirebaseStorage;
		};
/* End XCSwiftPackageProductDependency section */
	};
	rootObject = 63BA05972B60144000E7E3A7 /* Project object */;
}
