// !$*UTF8*$!
{
	archiveVersion = 1;
	classes = {
	};
	objectVersion = 56;
	objects = {

/* Begin PBXBuildFile section */
		63BA05A32B60144000E7E3A7 /* RestaurantApp_3_0_App.swift in Sources */ = {isa = PBXBuildFile; fileRef = 63BA05A22B60144000E7E3A7 /* RestaurantApp_3_0_App.swift */; };
		63BA05A52B60144000E7E3A7 /* ContentView.swift in Sources */ = {isa = PBXBuildFile; fileRef = 63BA05A42B60144000E7E3A7 /* ContentView.swift */; };
		63BA05A72B60144200E7E3A7 /* Assets.xcassets in Resources */ = {isa = PBXBuildFile; fileRef = 63BA05A62B60144200E7E3A7 /* Assets.xcassets */; };
		63BA05AA2B60144200E7E3A7 /* Preview Assets.xcassets in Resources */ = {isa = PBXBuildFile; fileRef = 63BA05A92B60144200E7E3A7 /* Preview Assets.xcassets */; };
		63BA05B22B60154D00E7E3A7 /* FirebaseAnalytics in Frameworks */ = {isa = PBXBuildFile; productRef = 63BA05B12B60154D00E7E3A7 /* FirebaseAnalytics */; };
		63BA05B42B60154D00E7E3A7 /* FirebaseAnalyticsOnDeviceConversion in Frameworks */ = {isa = PBXBuildFile; productRef = 63BA05B32B60154D00E7E3A7 /* FirebaseAnalyticsOnDeviceConversion */; };
		63BA05B62B60154D00E7E3A7 /* FirebaseAnalyticsSwift in Frameworks */ = {isa = PBXBuildFile; productRef = 63BA05B52B60154D00E7E3A7 /* FirebaseAnalyticsSwift */; };
		63BA05B82B60154D00E7E3A7 /* FirebaseAnalyticsWithoutAdIdSupport in Frameworks */ = {isa = PBXBuildFile; productRef = 63BA05B72B60154D00E7E3A7 /* FirebaseAnalyticsWithoutAdIdSupport */; };
		63BA05BA2B60154D00E7E3A7 /* FirebaseAppCheck in Frameworks */ = {isa = PBXBuildFile; productRef = 63BA05B92B60154D00E7E3A7 /* FirebaseAppCheck */; };
		63BA05BC2B6057C100E7E3A7 /* UserManager.swift in Sources */ = {isa = PBXBuildFile; fileRef = 63BA05BB2B6057C100E7E3A7 /* UserManager.swift */; };
		63BA05BF2B60595200E7E3A7 /* IntroductionScreen.swift in Sources */ = {isa = PBXBuildFile; fileRef = 63BA05BE2B60595200E7E3A7 /* IntroductionScreen.swift */; };
		63BA05C12B605A9100E7E3A7 /* AuthScreen.swift in Sources */ = {isa = PBXBuildFile; fileRef = 63BA05C02B605A9100E7E3A7 /* AuthScreen.swift */; };
		63BA05C32B605AA000E7E3A7 /* CreateUserScreen.swift in Sources */ = {isa = PBXBuildFile; fileRef = 63BA05C22B605AA000E7E3A7 /* CreateUserScreen.swift */; };
		63BA05C52B605AE500E7E3A7 /* AuthViewModel.swift in Sources */ = {isa = PBXBuildFile; fileRef = 63BA05C42B605AE500E7E3A7 /* AuthViewModel.swift */; };
		63FB01D72B606FAA0051EAED /* CustomTextField.swift in Sources */ = {isa = PBXBuildFile; fileRef = 63FB01D62B606FAA0051EAED /* CustomTextField.swift */; };
/* End PBXBuildFile section */

/* Begin PBXFileReference section */
		63BA059F2B60144000E7E3A7 /* RestaurantApp(3.0).app */ = {isa = PBXFileReference; explicitFileType = wrapper.application; includeInIndex = 0; path = "RestaurantApp(3.0).app"; sourceTree = BUILT_PRODUCTS_DIR; };
		63BA05A22B60144000E7E3A7 /* RestaurantApp_3_0_App.swift */ = {isa = PBXFileReference; lastKnownFileType = sourcecode.swift; path = RestaurantApp_3_0_App.swift; sourceTree = "<group>"; };
		63BA05A42B60144000E7E3A7 /* ContentView.swift */ = {isa = PBXFileReference; lastKnownFileType = sourcecode.swift; path = ContentView.swift; sourceTree = "<group>"; };
		63BA05A62B60144200E7E3A7 /* Assets.xcassets */ = {isa = PBXFileReference; lastKnownFileType = folder.assetcatalog; path = Assets.xcassets; sourceTree = "<group>"; };
		63BA05A92B60144200E7E3A7 /* Preview Assets.xcassets */ = {isa = PBXFileReference; lastKnownFileType = folder.assetcatalog; path = "Preview Assets.xcassets"; sourceTree = "<group>"; };
		63BA05BB2B6057C100E7E3A7 /* UserManager.swift */ = {isa = PBXFileReference; lastKnownFileType = sourcecode.swift; path = UserManager.swift; sourceTree = "<group>"; };
		63BA05BE2B60595200E7E3A7 /* IntroductionScreen.swift */ = {isa = PBXFileReference; lastKnownFileType = sourcecode.swift; path = IntroductionScreen.swift; sourceTree = "<group>"; };
		63BA05C02B605A9100E7E3A7 /* AuthScreen.swift */ = {isa = PBXFileReference; lastKnownFileType = sourcecode.swift; path = AuthScreen.swift; sourceTree = "<group>"; };
		63BA05C22B605AA000E7E3A7 /* CreateUserScreen.swift */ = {isa = PBXFileReference; lastKnownFileType = sourcecode.swift; path = CreateUserScreen.swift; sourceTree = "<group>"; };
		63BA05C42B605AE500E7E3A7 /* AuthViewModel.swift */ = {isa = PBXFileReference; lastKnownFileType = sourcecode.swift; path = AuthViewModel.swift; sourceTree = "<group>"; };
		63FB01D62B606FAA0051EAED /* CustomTextField.swift */ = {isa = PBXFileReference; lastKnownFileType = sourcecode.swift; path = CustomTextField.swift; sourceTree = "<group>"; };
/* End PBXFileReference section */

/* Begin PBXFrameworksBuildPhase section */
		63BA059C2B60144000E7E3A7 /* Frameworks */ = {
			isa = PBXFrameworksBuildPhase;
			buildActionMask = 2147483647;
			files = (
				63BA05B62B60154D00E7E3A7 /* FirebaseAnalyticsSwift in Frameworks */,
				63BA05B22B60154D00E7E3A7 /* FirebaseAnalytics in Frameworks */,
				63BA05B42B60154D00E7E3A7 /* FirebaseAnalyticsOnDeviceConversion in Frameworks */,
				63BA05BA2B60154D00E7E3A7 /* FirebaseAppCheck in Frameworks */,
				63BA05B82B60154D00E7E3A7 /* FirebaseAnalyticsWithoutAdIdSupport in Frameworks */,
			);
			runOnlyForDeploymentPostprocessing = 0;
		};
/* End PBXFrameworksBuildPhase section */

/* Begin PBXGroup section */
		63BA05962B60144000E7E3A7 = {
			isa = PBXGroup;
			children = (
				63BA05A12B60144000E7E3A7 /* RestaurantApp(3.0) */,
				63BA05A02B60144000E7E3A7 /* Products */,
			);
			sourceTree = "<group>";
		};
		63BA05A02B60144000E7E3A7 /* Products */ = {
			isa = PBXGroup;
			children = (
				63BA059F2B60144000E7E3A7 /* RestaurantApp(3.0).app */,
			);
			name = Products;
			sourceTree = "<group>";
		};
		63BA05A12B60144000E7E3A7 /* RestaurantApp(3.0) */ = {
			isa = PBXGroup;
			children = (
				63BA05A22B60144000E7E3A7 /* RestaurantApp_3_0_App.swift */,
				63BA05A42B60144000E7E3A7 /* ContentView.swift */,
				63BA05BB2B6057C100E7E3A7 /* UserManager.swift */,
				63FB01D52B606F5D0051EAED /* Helpers */,
				63BA05BD2B60590A00E7E3A7 /* AuthModule */,
				63BA05A62B60144200E7E3A7 /* Assets.xcassets */,
				63BA05A82B60144200E7E3A7 /* Preview Content */,
			);
			path = "RestaurantApp(3.0)";
			sourceTree = "<group>";
		};
		63BA05A82B60144200E7E3A7 /* Preview Content */ = {
			isa = PBXGroup;
			children = (
				63BA05A92B60144200E7E3A7 /* Preview Assets.xcassets */,
			);
			path = "Preview Content";
			sourceTree = "<group>";
		};
		63BA05BD2B60590A00E7E3A7 /* AuthModule */ = {
			isa = PBXGroup;
			children = (
				63BA05BE2B60595200E7E3A7 /* IntroductionScreen.swift */,
				63BA05C42B605AE500E7E3A7 /* AuthViewModel.swift */,
				63BA05C02B605A9100E7E3A7 /* AuthScreen.swift */,
				63BA05C22B605AA000E7E3A7 /* CreateUserScreen.swift */,
			);
			path = AuthModule;
			sourceTree = "<group>";
		};
		63FB01D52B606F5D0051EAED /* Helpers */ = {
			isa = PBXGroup;
			children = (
				63FB01D62B606FAA0051EAED /* CustomTextField.swift */,
			);
			path = Helpers;
			sourceTree = "<group>";
		};
/* End PBXGroup section */

/* Begin PBXNativeTarget section */
		63BA059E2B60144000E7E3A7 /* RestaurantApp(3.0) */ = {
			isa = PBXNativeTarget;
			buildConfigurationList = 63BA05AD2B60144200E7E3A7 /* Build configuration list for PBXNativeTarget "RestaurantApp(3.0)" */;
			buildPhases = (
				63BA059B2B60144000E7E3A7 /* Sources */,
				63BA059C2B60144000E7E3A7 /* Frameworks */,
				63BA059D2B60144000E7E3A7 /* Resources */,
			);
			buildRules = (
			);
			dependencies = (
			);
			name = "RestaurantApp(3.0)";
			packageProductDependencies = (
				63BA05B12B60154D00E7E3A7 /* FirebaseAnalytics */,
				63BA05B32B60154D00E7E3A7 /* FirebaseAnalyticsOnDeviceConversion */,
				63BA05B52B60154D00E7E3A7 /* FirebaseAnalyticsSwift */,
				63BA05B72B60154D00E7E3A7 /* FirebaseAnalyticsWithoutAdIdSupport */,
				63BA05B92B60154D00E7E3A7 /* FirebaseAppCheck */,
			);
			productName = "RestaurantApp(3.0)";
			productReference = 63BA059F2B60144000E7E3A7 /* RestaurantApp(3.0).app */;
			productType = "com.apple.product-type.application";
		};
/* End PBXNativeTarget section */

/* Begin PBXProject section */
		63BA05972B60144000E7E3A7 /* Project object */ = {
			isa = PBXProject;
			attributes = {
				BuildIndependentTargetsInParallel = 1;
				LastSwiftUpdateCheck = 1500;
				LastUpgradeCheck = 1500;
				TargetAttributes = {
					63BA059E2B60144000E7E3A7 = {
						CreatedOnToolsVersion = 15.0.1;
					};
				};
			};
			buildConfigurationList = 63BA059A2B60144000E7E3A7 /* Build configuration list for PBXProject "RestaurantApp(3.0)" */;
			compatibilityVersion = "Xcode 14.0";
			developmentRegion = en;
			hasScannedForEncodings = 0;
			knownRegions = (
				en,
				Base,
			);
			mainGroup = 63BA05962B60144000E7E3A7;
			packageReferences = (
				63BA05B02B60154D00E7E3A7 /* XCRemoteSwiftPackageReference "firebase-ios-sdk" */,
			);
			productRefGroup = 63BA05A02B60144000E7E3A7 /* Products */;
			projectDirPath = "";
			projectRoot = "";
			targets = (
				63BA059E2B60144000E7E3A7 /* RestaurantApp(3.0) */,
			);
		};
/* End PBXProject section */

/* Begin PBXResourcesBuildPhase section */
		63BA059D2B60144000E7E3A7 /* Resources */ = {
			isa = PBXResourcesBuildPhase;
			buildActionMask = 2147483647;
			files = (
				63BA05AA2B60144200E7E3A7 /* Preview Assets.xcassets in Resources */,
				63BA05A72B60144200E7E3A7 /* Assets.xcassets in Resources */,
			);
			runOnlyForDeploymentPostprocessing = 0;
		};
/* End PBXResourcesBuildPhase section */

/* Begin PBXSourcesBuildPhase section */
		63BA059B2B60144000E7E3A7 /* Sources */ = {
			isa = PBXSourcesBuildPhase;
			buildActionMask = 2147483647;
			files = (
				63BA05BC2B6057C100E7E3A7 /* UserManager.swift in Sources */,
				63BA05A52B60144000E7E3A7 /* ContentView.swift in Sources */,
				63BA05BF2B60595200E7E3A7 /* IntroductionScreen.swift in Sources */,
				63BA05C52B605AE500E7E3A7 /* AuthViewModel.swift in Sources */,
				63FB01D72B606FAA0051EAED /* CustomTextField.swift in Sources */,
				63BA05A32B60144000E7E3A7 /* RestaurantApp_3_0_App.swift in Sources */,
				63BA05C32B605AA000E7E3A7 /* CreateUserScreen.swift in Sources */,
				63BA05C12B605A9100E7E3A7 /* AuthScreen.swift in Sources */,
			);
			runOnlyForDeploymentPostprocessing = 0;
		};
/* End PBXSourcesBuildPhase section */

/* Begin XCBuildConfiguration section */
		63BA05AB2B60144200E7E3A7 /* Debug */ = {
			isa = XCBuildConfiguration;
			buildSettings = {
				ALWAYS_SEARCH_USER_PATHS = NO;
				ASSETCATALOG_COMPILER_GENERATE_SWIFT_ASSET_SYMBOL_EXTENSIONS = YES;
				CLANG_ANALYZER_NONNULL = YES;
				CLANG_ANALYZER_NUMBER_OBJECT_CONVERSION = YES_AGGRESSIVE;
				CLANG_CXX_LANGUAGE_STANDARD = "gnu++20";
				CLANG_ENABLE_MODULES = YES;
				CLANG_ENABLE_OBJC_ARC = YES;
				CLANG_ENABLE_OBJC_WEAK = YES;
				CLANG_WARN_BLOCK_CAPTURE_AUTORELEASING = YES;
				CLANG_WARN_BOOL_CONVERSION = YES;
				CLANG_WARN_COMMA = YES;
				CLANG_WARN_CONSTANT_CONVERSION = YES;
				CLANG_WARN_DEPRECATED_OBJC_IMPLEMENTATIONS = YES;
				CLANG_WARN_DIRECT_OBJC_ISA_USAGE = YES_ERROR;
				CLANG_WARN_DOCUMENTATION_COMMENTS = YES;
				CLANG_WARN_EMPTY_BODY = YES;
				CLANG_WARN_ENUM_CONVERSION = YES;
				CLANG_WARN_INFINITE_RECURSION = YES;
				CLANG_WARN_INT_CONVERSION = YES;
				CLANG_WARN_NON_LITERAL_NULL_CONVERSION = YES;
				CLANG_WARN_OBJC_IMPLICIT_RETAIN_SELF = YES;
				CLANG_WARN_OBJC_LITERAL_CONVERSION = YES;
				CLANG_WARN_OBJC_ROOT_CLASS = YES_ERROR;
				CLANG_WARN_QUOTED_INCLUDE_IN_FRAMEWORK_HEADER = YES;
				CLANG_WARN_RANGE_LOOP_ANALYSIS = YES;
				CLANG_WARN_STRICT_PROTOTYPES = YES;
				CLANG_WARN_SUSPICIOUS_MOVE = YES;
				CLANG_WARN_UNGUARDED_AVAILABILITY = YES_AGGRESSIVE;
				CLANG_WARN_UNREACHABLE_CODE = YES;
				CLANG_WARN__DUPLICATE_METHOD_MATCH = YES;
				COPY_PHASE_STRIP = NO;
				DEBUG_INFORMATION_FORMAT = dwarf;
				ENABLE_STRICT_OBJC_MSGSEND = YES;
				ENABLE_TESTABILITY = YES;
				ENABLE_USER_SCRIPT_SANDBOXING = YES;
				GCC_C_LANGUAGE_STANDARD = gnu17;
				GCC_DYNAMIC_NO_PIC = NO;
				GCC_NO_COMMON_BLOCKS = YES;
				GCC_OPTIMIZATION_LEVEL = 0;
				GCC_PREPROCESSOR_DEFINITIONS = (
					"DEBUG=1",
					"$(inherited)",
				);
				GCC_WARN_64_TO_32_BIT_CONVERSION = YES;
				GCC_WARN_ABOUT_RETURN_TYPE = YES_ERROR;
				GCC_WARN_UNDECLARED_SELECTOR = YES;
				GCC_WARN_UNINITIALIZED_AUTOS = YES_AGGRESSIVE;
				GCC_WARN_UNUSED_FUNCTION = YES;
				GCC_WARN_UNUSED_VARIABLE = YES;
				IPHONEOS_DEPLOYMENT_TARGET = 17.0;
				LOCALIZATION_PREFERS_STRING_CATALOGS = YES;
				MTL_ENABLE_DEBUG_INFO = INCLUDE_SOURCE;
				MTL_FAST_MATH = YES;
				ONLY_ACTIVE_ARCH = YES;
				SDKROOT = iphoneos;
				SWIFT_ACTIVE_COMPILATION_CONDITIONS = "DEBUG $(inherited)";
				SWIFT_OPTIMIZATION_LEVEL = "-Onone";
			};
			name = Debug;
		};
		63BA05AC2B60144200E7E3A7 /* Release */ = {
			isa = XCBuildConfiguration;
			buildSettings = {
				ALWAYS_SEARCH_USER_PATHS = NO;
				ASSETCATALOG_COMPILER_GENERATE_SWIFT_ASSET_SYMBOL_EXTENSIONS = YES;
				CLANG_ANALYZER_NONNULL = YES;
				CLANG_ANALYZER_NUMBER_OBJECT_CONVERSION = YES_AGGRESSIVE;
				CLANG_CXX_LANGUAGE_STANDARD = "gnu++20";
				CLANG_ENABLE_MODULES = YES;
				CLANG_ENABLE_OBJC_ARC = YES;
				CLANG_ENABLE_OBJC_WEAK = YES;
				CLANG_WARN_BLOCK_CAPTURE_AUTORELEASING = YES;
				CLANG_WARN_BOOL_CONVERSION = YES;
				CLANG_WARN_COMMA = YES;
				CLANG_WARN_CONSTANT_CONVERSION = YES;
				CLANG_WARN_DEPRECATED_OBJC_IMPLEMENTATIONS = YES;
				CLANG_WARN_DIRECT_OBJC_ISA_USAGE = YES_ERROR;
				CLANG_WARN_DOCUMENTATION_COMMENTS = YES;
				CLANG_WARN_EMPTY_BODY = YES;
				CLANG_WARN_ENUM_CONVERSION = YES;
				CLANG_WARN_INFINITE_RECURSION = YES;
				CLANG_WARN_INT_CONVERSION = YES;
				CLANG_WARN_NON_LITERAL_NULL_CONVERSION = YES;
				CLANG_WARN_OBJC_IMPLICIT_RETAIN_SELF = YES;
				CLANG_WARN_OBJC_LITERAL_CONVERSION = YES;
				CLANG_WARN_OBJC_ROOT_CLASS = YES_ERROR;
				CLANG_WARN_QUOTED_INCLUDE_IN_FRAMEWORK_HEADER = YES;
				CLANG_WARN_RANGE_LOOP_ANALYSIS = YES;
				CLANG_WARN_STRICT_PROTOTYPES = YES;
				CLANG_WARN_SUSPICIOUS_MOVE = YES;
				CLANG_WARN_UNGUARDED_AVAILABILITY = YES_AGGRESSIVE;
				CLANG_WARN_UNREACHABLE_CODE = YES;
				CLANG_WARN__DUPLICATE_METHOD_MATCH = YES;
				COPY_PHASE_STRIP = NO;
				DEBUG_INFORMATION_FORMAT = "dwarf-with-dsym";
				ENABLE_NS_ASSERTIONS = NO;
				ENABLE_STRICT_OBJC_MSGSEND = YES;
				ENABLE_USER_SCRIPT_SANDBOXING = YES;
				GCC_C_LANGUAGE_STANDARD = gnu17;
				GCC_NO_COMMON_BLOCKS = YES;
				GCC_WARN_64_TO_32_BIT_CONVERSION = YES;
				GCC_WARN_ABOUT_RETURN_TYPE = YES_ERROR;
				GCC_WARN_UNDECLARED_SELECTOR = YES;
				GCC_WARN_UNINITIALIZED_AUTOS = YES_AGGRESSIVE;
				GCC_WARN_UNUSED_FUNCTION = YES;
				GCC_WARN_UNUSED_VARIABLE = YES;
				IPHONEOS_DEPLOYMENT_TARGET = 17.0;
				LOCALIZATION_PREFERS_STRING_CATALOGS = YES;
				MTL_ENABLE_DEBUG_INFO = NO;
				MTL_FAST_MATH = YES;
				SDKROOT = iphoneos;
				SWIFT_COMPILATION_MODE = wholemodule;
				VALIDATE_PRODUCT = YES;
			};
			name = Release;
		};
		63BA05AE2B60144200E7E3A7 /* Debug */ = {
			isa = XCBuildConfiguration;
			buildSettings = {
				ASSETCATALOG_COMPILER_APPICON_NAME = AppIcon;
				ASSETCATALOG_COMPILER_GLOBAL_ACCENT_COLOR_NAME = AccentColor;
				CODE_SIGN_STYLE = Automatic;
				CURRENT_PROJECT_VERSION = 1;
				DEVELOPMENT_ASSET_PATHS = "\"RestaurantApp(3.0)/Preview Content\"";
				DEVELOPMENT_TEAM = 944K4M9L9M;
				ENABLE_PREVIEWS = YES;
				GENERATE_INFOPLIST_FILE = YES;
				INFOPLIST_KEY_UIApplicationSceneManifest_Generation = YES;
				INFOPLIST_KEY_UIApplicationSupportsIndirectInputEvents = YES;
				INFOPLIST_KEY_UILaunchScreen_Generation = YES;
				INFOPLIST_KEY_UISupportedInterfaceOrientations_iPad = "UIInterfaceOrientationPortrait UIInterfaceOrientationPortraitUpsideDown UIInterfaceOrientationLandscapeLeft UIInterfaceOrientationLandscapeRight";
				INFOPLIST_KEY_UISupportedInterfaceOrientations_iPhone = "UIInterfaceOrientationPortrait UIInterfaceOrientationLandscapeLeft UIInterfaceOrientationLandscapeRight";
				LD_RUNPATH_SEARCH_PATHS = (
					"$(inherited)",
					"@executable_path/Frameworks",
				);
				MARKETING_VERSION = 1.0;
				PRODUCT_BUNDLE_IDENTIFIER = "kpfu.RestaurantApp-3-0-";
				PRODUCT_NAME = "$(TARGET_NAME)";
				SWIFT_EMIT_LOC_STRINGS = YES;
				SWIFT_VERSION = 5.0;
				TARGETED_DEVICE_FAMILY = "1,2";
			};
			name = Debug;
		};
		63BA05AF2B60144200E7E3A7 /* Release */ = {
			isa = XCBuildConfiguration;
			buildSettings = {
				ASSETCATALOG_COMPILER_APPICON_NAME = AppIcon;
				ASSETCATALOG_COMPILER_GLOBAL_ACCENT_COLOR_NAME = AccentColor;
				CODE_SIGN_STYLE = Automatic;
				CURRENT_PROJECT_VERSION = 1;
				DEVELOPMENT_ASSET_PATHS = "\"RestaurantApp(3.0)/Preview Content\"";
				DEVELOPMENT_TEAM = 944K4M9L9M;
				ENABLE_PREVIEWS = YES;
				GENERATE_INFOPLIST_FILE = YES;
				INFOPLIST_KEY_UIApplicationSceneManifest_Generation = YES;
				INFOPLIST_KEY_UIApplicationSupportsIndirectInputEvents = YES;
				INFOPLIST_KEY_UILaunchScreen_Generation = YES;
				INFOPLIST_KEY_UISupportedInterfaceOrientations_iPad = "UIInterfaceOrientationPortrait UIInterfaceOrientationPortraitUpsideDown UIInterfaceOrientationLandscapeLeft UIInterfaceOrientationLandscapeRight";
				INFOPLIST_KEY_UISupportedInterfaceOrientations_iPhone = "UIInterfaceOrientationPortrait UIInterfaceOrientationLandscapeLeft UIInterfaceOrientationLandscapeRight";
				LD_RUNPATH_SEARCH_PATHS = (
					"$(inherited)",
					"@executable_path/Frameworks",
				);
				MARKETING_VERSION = 1.0;
				PRODUCT_BUNDLE_IDENTIFIER = "kpfu.RestaurantApp-3-0-";
				PRODUCT_NAME = "$(TARGET_NAME)";
				SWIFT_EMIT_LOC_STRINGS = YES;
				SWIFT_VERSION = 5.0;
				TARGETED_DEVICE_FAMILY = "1,2";
			};
			name = Release;
		};
/* End XCBuildConfiguration section */

/* Begin XCConfigurationList section */
		63BA059A2B60144000E7E3A7 /* Build configuration list for PBXProject "RestaurantApp(3.0)" */ = {
			isa = XCConfigurationList;
			buildConfigurations = (
				63BA05AB2B60144200E7E3A7 /* Debug */,
				63BA05AC2B60144200E7E3A7 /* Release */,
			);
			defaultConfigurationIsVisible = 0;
			defaultConfigurationName = Release;
		};
		63BA05AD2B60144200E7E3A7 /* Build configuration list for PBXNativeTarget "RestaurantApp(3.0)" */ = {
			isa = XCConfigurationList;
			buildConfigurations = (
				63BA05AE2B60144200E7E3A7 /* Debug */,
				63BA05AF2B60144200E7E3A7 /* Release */,
			);
			defaultConfigurationIsVisible = 0;
			defaultConfigurationName = Release;
		};
/* End XCConfigurationList section */

/* Begin XCRemoteSwiftPackageReference section */
		63BA05B02B60154D00E7E3A7 /* XCRemoteSwiftPackageReference "firebase-ios-sdk" */ = {
			isa = XCRemoteSwiftPackageReference;
			repositoryURL = "https://github.com/firebase/firebase-ios-sdk";
			requirement = {
				kind = upToNextMajorVersion;
				minimumVersion = 10.20.0;
			};
		};
/* End XCRemoteSwiftPackageReference section */

/* Begin XCSwiftPackageProductDependency section */
		63BA05B12B60154D00E7E3A7 /* FirebaseAnalytics */ = {
			isa = XCSwiftPackageProductDependency;
			package = 63BA05B02B60154D00E7E3A7 /* XCRemoteSwiftPackageReference "firebase-ios-sdk" */;
			productName = FirebaseAnalytics;
		};
		63BA05B32B60154D00E7E3A7 /* FirebaseAnalyticsOnDeviceConversion */ = {
			isa = XCSwiftPackageProductDependency;
			package = 63BA05B02B60154D00E7E3A7 /* XCRemoteSwiftPackageReference "firebase-ios-sdk" */;
			productName = FirebaseAnalyticsOnDeviceConversion;
		};
		63BA05B52B60154D00E7E3A7 /* FirebaseAnalyticsSwift */ = {
			isa = XCSwiftPackageProductDependency;
			package = 63BA05B02B60154D00E7E3A7 /* XCRemoteSwiftPackageReference "firebase-ios-sdk" */;
			productName = FirebaseAnalyticsSwift;
		};
		63BA05B72B60154D00E7E3A7 /* FirebaseAnalyticsWithoutAdIdSupport */ = {
			isa = XCSwiftPackageProductDependency;
			package = 63BA05B02B60154D00E7E3A7 /* XCRemoteSwiftPackageReference "firebase-ios-sdk" */;
			productName = FirebaseAnalyticsWithoutAdIdSupport;
		};
		63BA05B92B60154D00E7E3A7 /* FirebaseAppCheck */ = {
			isa = XCSwiftPackageProductDependency;
			package = 63BA05B02B60154D00E7E3A7 /* XCRemoteSwiftPackageReference "firebase-ios-sdk" */;
			productName = FirebaseAppCheck;
		};
/* End XCSwiftPackageProductDependency section */
	};
	rootObject = 63BA05972B60144000E7E3A7 /* Project object */;
}
