// !$*UTF8*$!
{
	archiveVersion = 1;
	classes = {
	};
	objectVersion = 56;
	objects = {

/* Begin PBXBuildFile section */
		630682D42A5162580042D294 /* adminAppApp.swift in Sources */ = {isa = PBXBuildFile; fileRef = 630682D32A5162580042D294 /* adminAppApp.swift */; };
		630682D82A51625A0042D294 /* Assets.xcassets in Resources */ = {isa = PBXBuildFile; fileRef = 630682D72A51625A0042D294 /* Assets.xcassets */; };
		630682DB2A51625A0042D294 /* Preview Assets.xcassets in Resources */ = {isa = PBXBuildFile; fileRef = 630682DA2A51625A0042D294 /* Preview Assets.xcassets */; };
		632D1D282A58785900034206 /* Products_Model.swift in Sources */ = {isa = PBXBuildFile; fileRef = 632D1D272A58785900034206 /* Products_Model.swift */; };
		632D1D2A2A5879E300034206 /* Products_ViewModel.swift in Sources */ = {isa = PBXBuildFile; fileRef = 632D1D292A5879E300034206 /* Products_ViewModel.swift */; };
		63325E0D2A6825BE00A988E3 /* MealApi.swift in Sources */ = {isa = PBXBuildFile; fileRef = 63325E0C2A6825BE00A988E3 /* MealApi.swift */; };
		63325E0F2A6825D900A988E3 /* ProductApi.swift in Sources */ = {isa = PBXBuildFile; fileRef = 63325E0E2A6825D900A988E3 /* ProductApi.swift */; };
		633F92842A541666006A1068 /* trash.swift in Sources */ = {isa = PBXBuildFile; fileRef = 633F92832A541666006A1068 /* trash.swift */; };
		634DDE372A55D27C00854A99 /* FirebaseFirestore in Frameworks */ = {isa = PBXBuildFile; productRef = 634DDE362A55D27C00854A99 /* FirebaseFirestore */; };
		63502BC12A5E88C4002878F9 /* MenuIdSheet_View.swift in Sources */ = {isa = PBXBuildFile; fileRef = 63502BC02A5E88C4002878F9 /* MenuIdSheet_View.swift */; };
		63502BC32A5E8926002878F9 /* Menu_Model.swift in Sources */ = {isa = PBXBuildFile; fileRef = 63502BC22A5E8926002878F9 /* Menu_Model.swift */; };
		63502BC52A5E893C002878F9 /* Menu_ViewModel.swift in Sources */ = {isa = PBXBuildFile; fileRef = 63502BC42A5E893C002878F9 /* Menu_ViewModel.swift */; };
		6358AEB32A5EB17000A8CB71 /* MenuId_View.swift in Sources */ = {isa = PBXBuildFile; fileRef = 6358AEB22A5EB17000A8CB71 /* MenuId_View.swift */; };
		63619CD82A569D360030BB06 /* EmployeeBanner_View.swift in Sources */ = {isa = PBXBuildFile; fileRef = 63619CD72A569D360030BB06 /* EmployeeBanner_View.swift */; };
		63619CDA2A56CD740030BB06 /* Employee_ViewModel.swift in Sources */ = {isa = PBXBuildFile; fileRef = 63619CD92A56CD740030BB06 /* Employee_ViewModel.swift */; };
		63619CDC2A56CD980030BB06 /* Employee_Model.swift in Sources */ = {isa = PBXBuildFile; fileRef = 63619CDB2A56CD980030BB06 /* Employee_Model.swift */; };
		63619CDE2A57137B0030BB06 /* EmployeeIDSheet_View.swift in Sources */ = {isa = PBXBuildFile; fileRef = 63619CDD2A57137B0030BB06 /* EmployeeIDSheet_View.swift */; };
		6361A62B2A51CFD600C445A6 /* GoogleService-Info.plist in Resources */ = {isa = PBXBuildFile; fileRef = 6361A62A2A51CFD600C445A6 /* GoogleService-Info.plist */; };
		6361A62E2A51D02A00C445A6 /* FirebaseAnalytics in Frameworks */ = {isa = PBXBuildFile; productRef = 6361A62D2A51D02A00C445A6 /* FirebaseAnalytics */; };
		6361A6302A51D02A00C445A6 /* FirebaseAnalyticsSwift in Frameworks */ = {isa = PBXBuildFile; productRef = 6361A62F2A51D02A00C445A6 /* FirebaseAnalyticsSwift */; };
		6361A6322A51D02A00C445A6 /* FirebaseAuth in Frameworks */ = {isa = PBXBuildFile; productRef = 6361A6312A51D02A00C445A6 /* FirebaseAuth */; };
		6361A6342A51D56000C445A6 /* AuthManager.swift in Sources */ = {isa = PBXBuildFile; fileRef = 6361A6332A51D56000C445A6 /* AuthManager.swift */; };
		6361A6362A52A6FB00C445A6 /* root_View.swift in Sources */ = {isa = PBXBuildFile; fileRef = 6361A6352A52A6FB00C445A6 /* root_View.swift */; };
		6361A6392A52AAB400C445A6 /* Main_View.swift in Sources */ = {isa = PBXBuildFile; fileRef = 6361A6382A52AAB400C445A6 /* Main_View.swift */; };
		6361A63E2A52AB7000C445A6 /* AuthEmail_ViewModel.swift in Sources */ = {isa = PBXBuildFile; fileRef = 6361A63D2A52AB7000C445A6 /* AuthEmail_ViewModel.swift */; };
		6361A6432A52AC2300C445A6 /* main_ViewModel.swift in Sources */ = {isa = PBXBuildFile; fileRef = 6361A6422A52AC2300C445A6 /* main_ViewModel.swift */; };
		6382F19D2A5EF3D3007D71CA /* AddMealSheet_View.swift in Sources */ = {isa = PBXBuildFile; fileRef = 6382F19C2A5EF3D3007D71CA /* AddMealSheet_View.swift */; };
		6382F19F2A5EFE42007D71CA /* ImageSelect_View.swift in Sources */ = {isa = PBXBuildFile; fileRef = 6382F19E2A5EFE42007D71CA /* ImageSelect_View.swift */; };
		6382F1A12A607BCD007D71CA /* AddProductInNewMeal_View.swift in Sources */ = {isa = PBXBuildFile; fileRef = 6382F1A02A607BCD007D71CA /* AddProductInNewMeal_View.swift */; };
		63838AE32A541A450045EEEF /* ProductsMain_View.swift in Sources */ = {isa = PBXBuildFile; fileRef = 63838AE22A541A450045EEEF /* ProductsMain_View.swift */; };
		63838AE52A541A5A0045EEEF /* OrdersMain_View.swift in Sources */ = {isa = PBXBuildFile; fileRef = 63838AE42A541A5A0045EEEF /* OrdersMain_View.swift */; };
		63838AE72A541A6F0045EEEF /* EmployeesMain_View.swift in Sources */ = {isa = PBXBuildFile; fileRef = 63838AE62A541A6F0045EEEF /* EmployeesMain_View.swift */; };
		63838AEA2A541B180045EEEF /* MenuMain_View.swift in Sources */ = {isa = PBXBuildFile; fileRef = 63838AE92A541B180045EEEF /* MenuMain_View.swift */; };
		63838AEC2A542DB10045EEEF /* AddNewEmployeer_View.swift in Sources */ = {isa = PBXBuildFile; fileRef = 63838AEB2A542DB10045EEEF /* AddNewEmployeer_View.swift */; };
		63854D6D2A5A9F93000AC703 /* ProductAddSheet_View.swift in Sources */ = {isa = PBXBuildFile; fileRef = 63854D6C2A5A9F93000AC703 /* ProductAddSheet_View.swift */; };
		63A072782A547F920021C45E /* FirebaseDatabase in Frameworks */ = {isa = PBXBuildFile; productRef = 63A072772A547F920021C45E /* FirebaseDatabase */; };
		63A0727A2A547F920021C45E /* FirebaseDatabaseSwift in Frameworks */ = {isa = PBXBuildFile; productRef = 63A072792A547F920021C45E /* FirebaseDatabaseSwift */; };
		63A58F932A51735D00B9832F /* LogIn_View.swift in Sources */ = {isa = PBXBuildFile; fileRef = 63A58F922A51735D00B9832F /* LogIn_View.swift */; };
		63A58F952A51737000B9832F /* Registration_View.swift in Sources */ = {isa = PBXBuildFile; fileRef = 63A58F942A51737000B9832F /* Registration_View.swift */; };
		63A58F972A519DD500B9832F /* Auth_View.swift in Sources */ = {isa = PBXBuildFile; fileRef = 63A58F962A519DD500B9832F /* Auth_View.swift */; };
		63A58F992A51A2A200B9832F /* Error_View.swift in Sources */ = {isa = PBXBuildFile; fileRef = 63A58F982A51A2A200B9832F /* Error_View.swift */; };
		63AA8ACE2A58806000A832E7 /* ProductIDList_View.swift in Sources */ = {isa = PBXBuildFile; fileRef = 63AA8ACD2A58806000A832E7 /* ProductIDList_View.swift */; };
		63AA8AD02A589CF400A832E7 /* ProductAdd_View.swift in Sources */ = {isa = PBXBuildFile; fileRef = 63AA8ACF2A589CF400A832E7 /* ProductAdd_View.swift */; };
		63AA8AD22A589D4200A832E7 /* ProductIDSheet_View.swift in Sources */ = {isa = PBXBuildFile; fileRef = 63AA8AD12A589D4200A832E7 /* ProductIDSheet_View.swift */; };
		63ACD0762A67DF79003E58C5 /* FireBase_ViewModel.swift in Sources */ = {isa = PBXBuildFile; fileRef = 63ACD0752A67DF79003E58C5 /* FireBase_ViewModel.swift */; };
		63C22FD72A5DD34300F1BADD /* ProductMainId_View.swift in Sources */ = {isa = PBXBuildFile; fileRef = 63C22FD62A5DD34300F1BADD /* ProductMainId_View.swift */; };
/* End PBXBuildFile section */

/* Begin PBXFileReference section */
		630682D02A5162580042D294 /* adminApp.app */ = {isa = PBXFileReference; explicitFileType = wrapper.application; includeInIndex = 0; path = adminApp.app; sourceTree = BUILT_PRODUCTS_DIR; };
		630682D32A5162580042D294 /* adminAppApp.swift */ = {isa = PBXFileReference; lastKnownFileType = sourcecode.swift; path = adminAppApp.swift; sourceTree = "<group>"; };
		630682D72A51625A0042D294 /* Assets.xcassets */ = {isa = PBXFileReference; lastKnownFileType = folder.assetcatalog; path = Assets.xcassets; sourceTree = "<group>"; };
		630682DA2A51625A0042D294 /* Preview Assets.xcassets */ = {isa = PBXFileReference; lastKnownFileType = folder.assetcatalog; path = "Preview Assets.xcassets"; sourceTree = "<group>"; };
		632D1D272A58785900034206 /* Products_Model.swift */ = {isa = PBXFileReference; lastKnownFileType = sourcecode.swift; path = Products_Model.swift; sourceTree = "<group>"; };
		632D1D292A5879E300034206 /* Products_ViewModel.swift */ = {isa = PBXFileReference; lastKnownFileType = sourcecode.swift; path = Products_ViewModel.swift; sourceTree = "<group>"; };
		63325E0C2A6825BE00A988E3 /* MealApi.swift */ = {isa = PBXFileReference; lastKnownFileType = sourcecode.swift; path = MealApi.swift; sourceTree = "<group>"; };
		63325E0E2A6825D900A988E3 /* ProductApi.swift */ = {isa = PBXFileReference; lastKnownFileType = sourcecode.swift; path = ProductApi.swift; sourceTree = "<group>"; };
		633F92832A541666006A1068 /* trash.swift */ = {isa = PBXFileReference; lastKnownFileType = sourcecode.swift; path = trash.swift; sourceTree = "<group>"; };
		63502BC02A5E88C4002878F9 /* MenuIdSheet_View.swift */ = {isa = PBXFileReference; lastKnownFileType = sourcecode.swift; path = MenuIdSheet_View.swift; sourceTree = "<group>"; };
		63502BC22A5E8926002878F9 /* Menu_Model.swift */ = {isa = PBXFileReference; lastKnownFileType = sourcecode.swift; path = Menu_Model.swift; sourceTree = "<group>"; };
		63502BC42A5E893C002878F9 /* Menu_ViewModel.swift */ = {isa = PBXFileReference; lastKnownFileType = sourcecode.swift; path = Menu_ViewModel.swift; sourceTree = "<group>"; };
		6358AEB22A5EB17000A8CB71 /* MenuId_View.swift */ = {isa = PBXFileReference; lastKnownFileType = sourcecode.swift; path = MenuId_View.swift; sourceTree = "<group>"; };
		63619CD72A569D360030BB06 /* EmployeeBanner_View.swift */ = {isa = PBXFileReference; lastKnownFileType = sourcecode.swift; path = EmployeeBanner_View.swift; sourceTree = "<group>"; };
		63619CD92A56CD740030BB06 /* Employee_ViewModel.swift */ = {isa = PBXFileReference; lastKnownFileType = sourcecode.swift; path = Employee_ViewModel.swift; sourceTree = "<group>"; };
		63619CDB2A56CD980030BB06 /* Employee_Model.swift */ = {isa = PBXFileReference; lastKnownFileType = sourcecode.swift; path = Employee_Model.swift; sourceTree = "<group>"; };
		63619CDD2A57137B0030BB06 /* EmployeeIDSheet_View.swift */ = {isa = PBXFileReference; lastKnownFileType = sourcecode.swift; path = EmployeeIDSheet_View.swift; sourceTree = "<group>"; };
		6361A62A2A51CFD600C445A6 /* GoogleService-Info.plist */ = {isa = PBXFileReference; fileEncoding = 4; lastKnownFileType = text.plist.xml; path = "GoogleService-Info.plist"; sourceTree = "<group>"; };
		6361A6332A51D56000C445A6 /* AuthManager.swift */ = {isa = PBXFileReference; lastKnownFileType = sourcecode.swift; path = AuthManager.swift; sourceTree = "<group>"; };
		6361A6352A52A6FB00C445A6 /* root_View.swift */ = {isa = PBXFileReference; lastKnownFileType = sourcecode.swift; path = root_View.swift; sourceTree = "<group>"; };
		6361A6382A52AAB400C445A6 /* Main_View.swift */ = {isa = PBXFileReference; lastKnownFileType = sourcecode.swift; path = Main_View.swift; sourceTree = "<group>"; };
		6361A63D2A52AB7000C445A6 /* AuthEmail_ViewModel.swift */ = {isa = PBXFileReference; lastKnownFileType = sourcecode.swift; path = AuthEmail_ViewModel.swift; sourceTree = "<group>"; };
		6361A6422A52AC2300C445A6 /* main_ViewModel.swift */ = {isa = PBXFileReference; lastKnownFileType = sourcecode.swift; path = main_ViewModel.swift; sourceTree = "<group>"; };
		6382F19C2A5EF3D3007D71CA /* AddMealSheet_View.swift */ = {isa = PBXFileReference; lastKnownFileType = sourcecode.swift; path = AddMealSheet_View.swift; sourceTree = "<group>"; };
		6382F19E2A5EFE42007D71CA /* ImageSelect_View.swift */ = {isa = PBXFileReference; lastKnownFileType = sourcecode.swift; path = ImageSelect_View.swift; sourceTree = "<group>"; };
		6382F1A02A607BCD007D71CA /* AddProductInNewMeal_View.swift */ = {isa = PBXFileReference; lastKnownFileType = sourcecode.swift; path = AddProductInNewMeal_View.swift; sourceTree = "<group>"; };
		63838AE22A541A450045EEEF /* ProductsMain_View.swift */ = {isa = PBXFileReference; lastKnownFileType = sourcecode.swift; path = ProductsMain_View.swift; sourceTree = "<group>"; };
		63838AE42A541A5A0045EEEF /* OrdersMain_View.swift */ = {isa = PBXFileReference; lastKnownFileType = sourcecode.swift; path = OrdersMain_View.swift; sourceTree = "<group>"; };
		63838AE62A541A6F0045EEEF /* EmployeesMain_View.swift */ = {isa = PBXFileReference; lastKnownFileType = sourcecode.swift; path = EmployeesMain_View.swift; sourceTree = "<group>"; };
		63838AE92A541B180045EEEF /* MenuMain_View.swift */ = {isa = PBXFileReference; lastKnownFileType = sourcecode.swift; path = MenuMain_View.swift; sourceTree = "<group>"; };
		63838AEB2A542DB10045EEEF /* AddNewEmployeer_View.swift */ = {isa = PBXFileReference; lastKnownFileType = sourcecode.swift; path = AddNewEmployeer_View.swift; sourceTree = "<group>"; };
		63854D6C2A5A9F93000AC703 /* ProductAddSheet_View.swift */ = {isa = PBXFileReference; lastKnownFileType = sourcecode.swift; path = ProductAddSheet_View.swift; sourceTree = "<group>"; };
		63A58F922A51735D00B9832F /* LogIn_View.swift */ = {isa = PBXFileReference; lastKnownFileType = sourcecode.swift; path = LogIn_View.swift; sourceTree = "<group>"; };
		63A58F942A51737000B9832F /* Registration_View.swift */ = {isa = PBXFileReference; lastKnownFileType = sourcecode.swift; path = Registration_View.swift; sourceTree = "<group>"; };
		63A58F962A519DD500B9832F /* Auth_View.swift */ = {isa = PBXFileReference; lastKnownFileType = sourcecode.swift; path = Auth_View.swift; sourceTree = "<group>"; };
		63A58F982A51A2A200B9832F /* Error_View.swift */ = {isa = PBXFileReference; lastKnownFileType = sourcecode.swift; path = Error_View.swift; sourceTree = "<group>"; };
		63AA8ACD2A58806000A832E7 /* ProductIDList_View.swift */ = {isa = PBXFileReference; lastKnownFileType = sourcecode.swift; path = ProductIDList_View.swift; sourceTree = "<group>"; };
		63AA8ACF2A589CF400A832E7 /* ProductAdd_View.swift */ = {isa = PBXFileReference; lastKnownFileType = sourcecode.swift; path = ProductAdd_View.swift; sourceTree = "<group>"; };
		63AA8AD12A589D4200A832E7 /* ProductIDSheet_View.swift */ = {isa = PBXFileReference; lastKnownFileType = sourcecode.swift; path = ProductIDSheet_View.swift; sourceTree = "<group>"; };
		63ACD0752A67DF79003E58C5 /* FireBase_ViewModel.swift */ = {isa = PBXFileReference; lastKnownFileType = sourcecode.swift; path = FireBase_ViewModel.swift; sourceTree = "<group>"; };
		63C22FD62A5DD34300F1BADD /* ProductMainId_View.swift */ = {isa = PBXFileReference; lastKnownFileType = sourcecode.swift; path = ProductMainId_View.swift; sourceTree = "<group>"; };
/* End PBXFileReference section */

/* Begin PBXFrameworksBuildPhase section */
		630682CD2A5162580042D294 /* Frameworks */ = {
			isa = PBXFrameworksBuildPhase;
			buildActionMask = 2147483647;
			files = (
				63A0727A2A547F920021C45E /* FirebaseDatabaseSwift in Frameworks */,
				6361A6302A51D02A00C445A6 /* FirebaseAnalyticsSwift in Frameworks */,
				6361A6322A51D02A00C445A6 /* FirebaseAuth in Frameworks */,
				63A072782A547F920021C45E /* FirebaseDatabase in Frameworks */,
				6361A62E2A51D02A00C445A6 /* FirebaseAnalytics in Frameworks */,
				634DDE372A55D27C00854A99 /* FirebaseFirestore in Frameworks */,
			);
			runOnlyForDeploymentPostprocessing = 0;
		};
/* End PBXFrameworksBuildPhase section */

/* Begin PBXGroup section */
		630682C72A5162580042D294 = {
			isa = PBXGroup;
			children = (
				630682D22A5162580042D294 /* adminApp */,
				630682D12A5162580042D294 /* Products */,
				63A072762A547F920021C45E /* Frameworks */,
			);
			sourceTree = "<group>";
		};
		630682D12A5162580042D294 /* Products */ = {
			isa = PBXGroup;
			children = (
				630682D02A5162580042D294 /* adminApp.app */,
			);
			name = Products;
			sourceTree = "<group>";
		};
		630682D22A5162580042D294 /* adminApp */ = {
			isa = PBXGroup;
			children = (
				630682D32A5162580042D294 /* adminAppApp.swift */,
				6361A6352A52A6FB00C445A6 /* root_View.swift */,
				633F92802A5415AC006A1068 /* other */,
				63A58F912A5170B100B9832F /* enterModule */,
				6361A6372A52AA8000C445A6 /* mainModule */,
				633F927B2A540140006A1068 /* employees */,
				633F92852A54195F006A1068 /* productsModule */,
				63838AE82A541AEB0045EEEF /* menuModule */,
				633F92862A54197B006A1068 /* ordersModule */,
				630682D72A51625A0042D294 /* Assets.xcassets */,
				6361A62A2A51CFD600C445A6 /* GoogleService-Info.plist */,
				630682D92A51625A0042D294 /* Preview Content */,
			);
			path = adminApp;
			sourceTree = "<group>";
		};
		630682D92A51625A0042D294 /* Preview Content */ = {
			isa = PBXGroup;
			children = (
				630682DA2A51625A0042D294 /* Preview Assets.xcassets */,
			);
			path = "Preview Content";
			sourceTree = "<group>";
		};
		633F927B2A540140006A1068 /* employees */ = {
			isa = PBXGroup;
			children = (
				63838AE62A541A6F0045EEEF /* EmployeesMain_View.swift */,
				633F927C2A5401CF006A1068 /* View */,
				633F927D2A5401DB006A1068 /* Model */,
				633F927E2A5401E0006A1068 /* ViewModel */,
			);
			path = employees;
			sourceTree = "<group>";
		};
		633F927C2A5401CF006A1068 /* View */ = {
			isa = PBXGroup;
			children = (
				63838AEB2A542DB10045EEEF /* AddNewEmployeer_View.swift */,
				63619CDD2A57137B0030BB06 /* EmployeeIDSheet_View.swift */,
				63619CD72A569D360030BB06 /* EmployeeBanner_View.swift */,
			);
			path = View;
			sourceTree = "<group>";
		};
		633F927D2A5401DB006A1068 /* Model */ = {
			isa = PBXGroup;
			children = (
				63619CDB2A56CD980030BB06 /* Employee_Model.swift */,
			);
			path = Model;
			sourceTree = "<group>";
		};
		633F927E2A5401E0006A1068 /* ViewModel */ = {
			isa = PBXGroup;
			children = (
				63619CD92A56CD740030BB06 /* Employee_ViewModel.swift */,
			);
			path = ViewModel;
			sourceTree = "<group>";
		};
		633F927F2A5402D8006A1068 /* ViewModel */ = {
			isa = PBXGroup;
			children = (
			);
			path = ViewModel;
			sourceTree = "<group>";
		};
		633F92802A5415AC006A1068 /* other */ = {
			isa = PBXGroup;
			children = (
				633F92832A541666006A1068 /* trash.swift */,
				63ACD0752A67DF79003E58C5 /* FireBase_ViewModel.swift */,
				63325E0C2A6825BE00A988E3 /* MealApi.swift */,
				63325E0E2A6825D900A988E3 /* ProductApi.swift */,
			);
			path = other;
			sourceTree = "<group>";
		};
		633F92852A54195F006A1068 /* productsModule */ = {
			isa = PBXGroup;
			children = (
				63838AE22A541A450045EEEF /* ProductsMain_View.swift */,
				63AA8ACC2A58803A00A832E7 /* View */,
				632D1D272A58785900034206 /* Products_Model.swift */,
				632D1D292A5879E300034206 /* Products_ViewModel.swift */,
			);
			path = productsModule;
			sourceTree = "<group>";
		};
		633F92862A54197B006A1068 /* ordersModule */ = {
			isa = PBXGroup;
			children = (
				63838AE42A541A5A0045EEEF /* OrdersMain_View.swift */,
			);
			path = ordersModule;
			sourceTree = "<group>";
		};
		6358AEB12A5EB09F00A8CB71 /* View */ = {
			isa = PBXGroup;
			children = (
				63502BC02A5E88C4002878F9 /* MenuIdSheet_View.swift */,
				6382F1A02A607BCD007D71CA /* AddProductInNewMeal_View.swift */,
				6358AEB22A5EB17000A8CB71 /* MenuId_View.swift */,
				6382F19C2A5EF3D3007D71CA /* AddMealSheet_View.swift */,
				6382F19E2A5EFE42007D71CA /* ImageSelect_View.swift */,
			);
			path = View;
			sourceTree = "<group>";
		};
		6361A6372A52AA8000C445A6 /* mainModule */ = {
			isa = PBXGroup;
			children = (
				6361A6382A52AAB400C445A6 /* Main_View.swift */,
				6361A63F2A52ABF000C445A6 /* View */,
				6361A6412A52ABFF00C445A6 /* Model */,
				633F927F2A5402D8006A1068 /* ViewModel */,
			);
			path = mainModule;
			sourceTree = "<group>";
		};
		6361A63A2A52AAC200C445A6 /* View */ = {
			isa = PBXGroup;
			children = (
				63A58F942A51737000B9832F /* Registration_View.swift */,
				63A58F922A51735D00B9832F /* LogIn_View.swift */,
				63A58F982A51A2A200B9832F /* Error_View.swift */,
			);
			path = View;
			sourceTree = "<group>";
		};
		6361A63B2A52AACE00C445A6 /* ViewModel */ = {
			isa = PBXGroup;
			children = (
				6361A63D2A52AB7000C445A6 /* AuthEmail_ViewModel.swift */,
			);
			path = ViewModel;
			sourceTree = "<group>";
		};
		6361A63C2A52AAF900C445A6 /* Model */ = {
			isa = PBXGroup;
			children = (
				6361A6332A51D56000C445A6 /* AuthManager.swift */,
			);
			path = Model;
			sourceTree = "<group>";
		};
		6361A63F2A52ABF000C445A6 /* View */ = {
			isa = PBXGroup;
			children = (
			);
			path = View;
			sourceTree = "<group>";
		};
		6361A6412A52ABFF00C445A6 /* Model */ = {
			isa = PBXGroup;
			children = (
				6361A6422A52AC2300C445A6 /* main_ViewModel.swift */,
			);
			path = Model;
			sourceTree = "<group>";
		};
		63838AE82A541AEB0045EEEF /* menuModule */ = {
			isa = PBXGroup;
			children = (
				63838AE92A541B180045EEEF /* MenuMain_View.swift */,
				6358AEB12A5EB09F00A8CB71 /* View */,
				63DE74532A62876C00CF055B /* Model */,
				63DE74542A62877800CF055B /* ViewModel */,
			);
			path = menuModule;
			sourceTree = "<group>";
		};
		63A072762A547F920021C45E /* Frameworks */ = {
			isa = PBXGroup;
			children = (
			);
			name = Frameworks;
			sourceTree = "<group>";
		};
		63A58F912A5170B100B9832F /* enterModule */ = {
			isa = PBXGroup;
			children = (
				63A58F962A519DD500B9832F /* Auth_View.swift */,
				6361A63A2A52AAC200C445A6 /* View */,
				6361A63C2A52AAF900C445A6 /* Model */,
				6361A63B2A52AACE00C445A6 /* ViewModel */,
			);
			path = enterModule;
			sourceTree = "<group>";
		};
		63AA8ACC2A58803A00A832E7 /* View */ = {
			isa = PBXGroup;
			children = (
				63C22FD62A5DD34300F1BADD /* ProductMainId_View.swift */,
				63AA8ACF2A589CF400A832E7 /* ProductAdd_View.swift */,
				63854D6C2A5A9F93000AC703 /* ProductAddSheet_View.swift */,
				63AA8ACD2A58806000A832E7 /* ProductIDList_View.swift */,
				63AA8AD12A589D4200A832E7 /* ProductIDSheet_View.swift */,
			);
			path = View;
			sourceTree = "<group>";
		};
		63DE74532A62876C00CF055B /* Model */ = {
			isa = PBXGroup;
			children = (
				63502BC22A5E8926002878F9 /* Menu_Model.swift */,
			);
			path = Model;
			sourceTree = "<group>";
		};
		63DE74542A62877800CF055B /* ViewModel */ = {
			isa = PBXGroup;
			children = (
				63502BC42A5E893C002878F9 /* Menu_ViewModel.swift */,
			);
			path = ViewModel;
			sourceTree = "<group>";
		};
/* End PBXGroup section */

/* Begin PBXNativeTarget section */
		630682CF2A5162580042D294 /* adminApp */ = {
			isa = PBXNativeTarget;
			buildConfigurationList = 630682DE2A51625A0042D294 /* Build configuration list for PBXNativeTarget "adminApp" */;
			buildPhases = (
				630682CC2A5162580042D294 /* Sources */,
				630682CD2A5162580042D294 /* Frameworks */,
				630682CE2A5162580042D294 /* Resources */,
			);
			buildRules = (
			);
			dependencies = (
			);
			name = adminApp;
			packageProductDependencies = (
				6361A62D2A51D02A00C445A6 /* FirebaseAnalytics */,
				6361A62F2A51D02A00C445A6 /* FirebaseAnalyticsSwift */,
				6361A6312A51D02A00C445A6 /* FirebaseAuth */,
				63A072772A547F920021C45E /* FirebaseDatabase */,
				63A072792A547F920021C45E /* FirebaseDatabaseSwift */,
				634DDE362A55D27C00854A99 /* FirebaseFirestore */,
			);
			productName = adminApp;
			productReference = 630682D02A5162580042D294 /* adminApp.app */;
			productType = "com.apple.product-type.application";
		};
/* End PBXNativeTarget section */

/* Begin PBXProject section */
		630682C82A5162580042D294 /* Project object */ = {
			isa = PBXProject;
			attributes = {
				BuildIndependentTargetsInParallel = 1;
				LastSwiftUpdateCheck = 1430;
				LastUpgradeCheck = 1430;
				TargetAttributes = {
					630682CF2A5162580042D294 = {
						CreatedOnToolsVersion = 14.3.1;
					};
				};
			};
			buildConfigurationList = 630682CB2A5162580042D294 /* Build configuration list for PBXProject "adminApp" */;
			compatibilityVersion = "Xcode 14.0";
			developmentRegion = en;
			hasScannedForEncodings = 0;
			knownRegions = (
				en,
				Base,
			);
			mainGroup = 630682C72A5162580042D294;
			packageReferences = (
				6361A62C2A51D02A00C445A6 /* XCRemoteSwiftPackageReference "firebase-ios-sdk" */,
			);
			productRefGroup = 630682D12A5162580042D294 /* Products */;
			projectDirPath = "";
			projectRoot = "";
			targets = (
				630682CF2A5162580042D294 /* adminApp */,
			);
		};
/* End PBXProject section */

/* Begin PBXResourcesBuildPhase section */
		630682CE2A5162580042D294 /* Resources */ = {
			isa = PBXResourcesBuildPhase;
			buildActionMask = 2147483647;
			files = (
				630682DB2A51625A0042D294 /* Preview Assets.xcassets in Resources */,
				630682D82A51625A0042D294 /* Assets.xcassets in Resources */,
				6361A62B2A51CFD600C445A6 /* GoogleService-Info.plist in Resources */,
			);
			runOnlyForDeploymentPostprocessing = 0;
		};
/* End PBXResourcesBuildPhase section */

/* Begin PBXSourcesBuildPhase section */
		630682CC2A5162580042D294 /* Sources */ = {
			isa = PBXSourcesBuildPhase;
			buildActionMask = 2147483647;
			files = (
				63AA8AD02A589CF400A832E7 /* ProductAdd_View.swift in Sources */,
				63619CDA2A56CD740030BB06 /* Employee_ViewModel.swift in Sources */,
				633F92842A541666006A1068 /* trash.swift in Sources */,
				63838AE32A541A450045EEEF /* ProductsMain_View.swift in Sources */,
				63838AEA2A541B180045EEEF /* MenuMain_View.swift in Sources */,
				63325E0D2A6825BE00A988E3 /* MealApi.swift in Sources */,
				63838AEC2A542DB10045EEEF /* AddNewEmployeer_View.swift in Sources */,
				63502BC52A5E893C002878F9 /* Menu_ViewModel.swift in Sources */,
				63AA8ACE2A58806000A832E7 /* ProductIDList_View.swift in Sources */,
				6358AEB32A5EB17000A8CB71 /* MenuId_View.swift in Sources */,
				6361A6362A52A6FB00C445A6 /* root_View.swift in Sources */,
				6361A6392A52AAB400C445A6 /* Main_View.swift in Sources */,
				63ACD0762A67DF79003E58C5 /* FireBase_ViewModel.swift in Sources */,
				632D1D2A2A5879E300034206 /* Products_ViewModel.swift in Sources */,
				63619CD82A569D360030BB06 /* EmployeeBanner_View.swift in Sources */,
				63619CDE2A57137B0030BB06 /* EmployeeIDSheet_View.swift in Sources */,
				6382F19F2A5EFE42007D71CA /* ImageSelect_View.swift in Sources */,
				63A58F992A51A2A200B9832F /* Error_View.swift in Sources */,
				6361A6342A51D56000C445A6 /* AuthManager.swift in Sources */,
				63854D6D2A5A9F93000AC703 /* ProductAddSheet_View.swift in Sources */,
				63838AE52A541A5A0045EEEF /* OrdersMain_View.swift in Sources */,
				63C22FD72A5DD34300F1BADD /* ProductMainId_View.swift in Sources */,
				6361A63E2A52AB7000C445A6 /* AuthEmail_ViewModel.swift in Sources */,
				632D1D282A58785900034206 /* Products_Model.swift in Sources */,
				6382F1A12A607BCD007D71CA /* AddProductInNewMeal_View.swift in Sources */,
				6361A6432A52AC2300C445A6 /* main_ViewModel.swift in Sources */,
				63A58F932A51735D00B9832F /* LogIn_View.swift in Sources */,
				630682D42A5162580042D294 /* adminAppApp.swift in Sources */,
				63619CDC2A56CD980030BB06 /* Employee_Model.swift in Sources */,
				63502BC12A5E88C4002878F9 /* MenuIdSheet_View.swift in Sources */,
				63325E0F2A6825D900A988E3 /* ProductApi.swift in Sources */,
				63AA8AD22A589D4200A832E7 /* ProductIDSheet_View.swift in Sources */,
				63838AE72A541A6F0045EEEF /* EmployeesMain_View.swift in Sources */,
				63A58F952A51737000B9832F /* Registration_View.swift in Sources */,
				63A58F972A519DD500B9832F /* Auth_View.swift in Sources */,
				6382F19D2A5EF3D3007D71CA /* AddMealSheet_View.swift in Sources */,
				63502BC32A5E8926002878F9 /* Menu_Model.swift in Sources */,
			);
			runOnlyForDeploymentPostprocessing = 0;
		};
/* End PBXSourcesBuildPhase section */

/* Begin XCBuildConfiguration section */
		630682DC2A51625A0042D294 /* Debug */ = {
			isa = XCBuildConfiguration;
			buildSettings = {
				ALWAYS_SEARCH_USER_PATHS = NO;
				CLANG_ANALYZER_NONNULL = YES;
				CLANG_ANALYZER_NUMBER_OBJECT_CONVERSION = YES_AGGRESSIVE;
				CLANG_CXX_LANGUAGE_STANDARD = "gnu++20";
				CLANG_ENABLE_MODULES = YES;
				CLANG_ENABLE_OBJC_ARC = YES;
				CLANG_ENABLE_OBJC_WEAK = YES;
				CLANG_WARN_BLOCK_CAPTURE_AUTORELEASING = YES;
				CLANG_WARN_BOOL_CONVERSION = YES;
				CLANG_WARN_COMMA = YES;
				CLANG_WARN_CONSTANT_CONVERSION = YES;
				CLANG_WARN_DEPRECATED_OBJC_IMPLEMENTATIONS = YES;
				CLANG_WARN_DIRECT_OBJC_ISA_USAGE = YES_ERROR;
				CLANG_WARN_DOCUMENTATION_COMMENTS = YES;
				CLANG_WARN_EMPTY_BODY = YES;
				CLANG_WARN_ENUM_CONVERSION = YES;
				CLANG_WARN_INFINITE_RECURSION = YES;
				CLANG_WARN_INT_CONVERSION = YES;
				CLANG_WARN_NON_LITERAL_NULL_CONVERSION = YES;
				CLANG_WARN_OBJC_IMPLICIT_RETAIN_SELF = YES;
				CLANG_WARN_OBJC_LITERAL_CONVERSION = YES;
				CLANG_WARN_OBJC_ROOT_CLASS = YES_ERROR;
				CLANG_WARN_QUOTED_INCLUDE_IN_FRAMEWORK_HEADER = YES;
				CLANG_WARN_RANGE_LOOP_ANALYSIS = YES;
				CLANG_WARN_STRICT_PROTOTYPES = YES;
				CLANG_WARN_SUSPICIOUS_MOVE = YES;
				CLANG_WARN_UNGUARDED_AVAILABILITY = YES_AGGRESSIVE;
				CLANG_WARN_UNREACHABLE_CODE = YES;
				CLANG_WARN__DUPLICATE_METHOD_MATCH = YES;
				COPY_PHASE_STRIP = NO;
				DEBUG_INFORMATION_FORMAT = dwarf;
				ENABLE_STRICT_OBJC_MSGSEND = YES;
				ENABLE_TESTABILITY = YES;
				GCC_C_LANGUAGE_STANDARD = gnu11;
				GCC_DYNAMIC_NO_PIC = NO;
				GCC_NO_COMMON_BLOCKS = YES;
				GCC_OPTIMIZATION_LEVEL = 0;
				GCC_PREPROCESSOR_DEFINITIONS = (
					"DEBUG=1",
					"$(inherited)",
				);
				GCC_WARN_64_TO_32_BIT_CONVERSION = YES;
				GCC_WARN_ABOUT_RETURN_TYPE = YES_ERROR;
				GCC_WARN_UNDECLARED_SELECTOR = YES;
				GCC_WARN_UNINITIALIZED_AUTOS = YES_AGGRESSIVE;
				GCC_WARN_UNUSED_FUNCTION = YES;
				GCC_WARN_UNUSED_VARIABLE = YES;
				IPHONEOS_DEPLOYMENT_TARGET = 16.4;
				MTL_ENABLE_DEBUG_INFO = INCLUDE_SOURCE;
				MTL_FAST_MATH = YES;
				ONLY_ACTIVE_ARCH = YES;
				SDKROOT = iphoneos;
				SWIFT_ACTIVE_COMPILATION_CONDITIONS = DEBUG;
				SWIFT_OPTIMIZATION_LEVEL = "-Onone";
			};
			name = Debug;
		};
		630682DD2A51625A0042D294 /* Release */ = {
			isa = XCBuildConfiguration;
			buildSettings = {
				ALWAYS_SEARCH_USER_PATHS = NO;
				CLANG_ANALYZER_NONNULL = YES;
				CLANG_ANALYZER_NUMBER_OBJECT_CONVERSION = YES_AGGRESSIVE;
				CLANG_CXX_LANGUAGE_STANDARD = "gnu++20";
				CLANG_ENABLE_MODULES = YES;
				CLANG_ENABLE_OBJC_ARC = YES;
				CLANG_ENABLE_OBJC_WEAK = YES;
				CLANG_WARN_BLOCK_CAPTURE_AUTORELEASING = YES;
				CLANG_WARN_BOOL_CONVERSION = YES;
				CLANG_WARN_COMMA = YES;
				CLANG_WARN_CONSTANT_CONVERSION = YES;
				CLANG_WARN_DEPRECATED_OBJC_IMPLEMENTATIONS = YES;
				CLANG_WARN_DIRECT_OBJC_ISA_USAGE = YES_ERROR;
				CLANG_WARN_DOCUMENTATION_COMMENTS = YES;
				CLANG_WARN_EMPTY_BODY = YES;
				CLANG_WARN_ENUM_CONVERSION = YES;
				CLANG_WARN_INFINITE_RECURSION = YES;
				CLANG_WARN_INT_CONVERSION = YES;
				CLANG_WARN_NON_LITERAL_NULL_CONVERSION = YES;
				CLANG_WARN_OBJC_IMPLICIT_RETAIN_SELF = YES;
				CLANG_WARN_OBJC_LITERAL_CONVERSION = YES;
				CLANG_WARN_OBJC_ROOT_CLASS = YES_ERROR;
				CLANG_WARN_QUOTED_INCLUDE_IN_FRAMEWORK_HEADER = YES;
				CLANG_WARN_RANGE_LOOP_ANALYSIS = YES;
				CLANG_WARN_STRICT_PROTOTYPES = YES;
				CLANG_WARN_SUSPICIOUS_MOVE = YES;
				CLANG_WARN_UNGUARDED_AVAILABILITY = YES_AGGRESSIVE;
				CLANG_WARN_UNREACHABLE_CODE = YES;
				CLANG_WARN__DUPLICATE_METHOD_MATCH = YES;
				COPY_PHASE_STRIP = NO;
				DEBUG_INFORMATION_FORMAT = "dwarf-with-dsym";
				ENABLE_NS_ASSERTIONS = NO;
				ENABLE_STRICT_OBJC_MSGSEND = YES;
				GCC_C_LANGUAGE_STANDARD = gnu11;
				GCC_NO_COMMON_BLOCKS = YES;
				GCC_WARN_64_TO_32_BIT_CONVERSION = YES;
				GCC_WARN_ABOUT_RETURN_TYPE = YES_ERROR;
				GCC_WARN_UNDECLARED_SELECTOR = YES;
				GCC_WARN_UNINITIALIZED_AUTOS = YES_AGGRESSIVE;
				GCC_WARN_UNUSED_FUNCTION = YES;
				GCC_WARN_UNUSED_VARIABLE = YES;
				IPHONEOS_DEPLOYMENT_TARGET = 16.4;
				MTL_ENABLE_DEBUG_INFO = NO;
				MTL_FAST_MATH = YES;
				SDKROOT = iphoneos;
				SWIFT_COMPILATION_MODE = wholemodule;
				SWIFT_OPTIMIZATION_LEVEL = "-O";
				VALIDATE_PRODUCT = YES;
			};
			name = Release;
		};
		630682DF2A51625A0042D294 /* Debug */ = {
			isa = XCBuildConfiguration;
			buildSettings = {
				ASSETCATALOG_COMPILER_APPICON_NAME = AppIcon;
				ASSETCATALOG_COMPILER_GLOBAL_ACCENT_COLOR_NAME = AccentColor;
				CODE_SIGN_STYLE = Automatic;
				CURRENT_PROJECT_VERSION = 1;
				DEVELOPMENT_ASSET_PATHS = "\"adminApp/Preview Content\"";
				DEVELOPMENT_TEAM = 944K4M9L9M;
				ENABLE_PREVIEWS = YES;
				GENERATE_INFOPLIST_FILE = YES;
				INFOPLIST_KEY_UIApplicationSceneManifest_Generation = YES;
				INFOPLIST_KEY_UIApplicationSupportsIndirectInputEvents = YES;
				INFOPLIST_KEY_UILaunchScreen_Generation = YES;
				INFOPLIST_KEY_UISupportedInterfaceOrientations_iPad = "UIInterfaceOrientationPortrait UIInterfaceOrientationPortraitUpsideDown UIInterfaceOrientationLandscapeLeft UIInterfaceOrientationLandscapeRight";
				INFOPLIST_KEY_UISupportedInterfaceOrientations_iPhone = "UIInterfaceOrientationPortrait UIInterfaceOrientationLandscapeLeft UIInterfaceOrientationLandscapeRight";
				IPHONEOS_DEPLOYMENT_TARGET = 16.4;
				LD_RUNPATH_SEARCH_PATHS = (
					"$(inherited)",
					"@executable_path/Frameworks",
				);
				MARKETING_VERSION = 1.0;
				PRODUCT_BUNDLE_IDENTIFIER = learnSwiftLeetCode.adminApp;
				PRODUCT_NAME = "$(TARGET_NAME)";
				SWIFT_EMIT_LOC_STRINGS = YES;
				SWIFT_VERSION = 5.0;
				TARGETED_DEVICE_FAMILY = "1,2";
			};
			name = Debug;
		};
		630682E02A51625A0042D294 /* Release */ = {
			isa = XCBuildConfiguration;
			buildSettings = {
				ASSETCATALOG_COMPILER_APPICON_NAME = AppIcon;
				ASSETCATALOG_COMPILER_GLOBAL_ACCENT_COLOR_NAME = AccentColor;
				CODE_SIGN_STYLE = Automatic;
				CURRENT_PROJECT_VERSION = 1;
				DEVELOPMENT_ASSET_PATHS = "\"adminApp/Preview Content\"";
				DEVELOPMENT_TEAM = 944K4M9L9M;
				ENABLE_PREVIEWS = YES;
				GENERATE_INFOPLIST_FILE = YES;
				INFOPLIST_KEY_UIApplicationSceneManifest_Generation = YES;
				INFOPLIST_KEY_UIApplicationSupportsIndirectInputEvents = YES;
				INFOPLIST_KEY_UILaunchScreen_Generation = YES;
				INFOPLIST_KEY_UISupportedInterfaceOrientations_iPad = "UIInterfaceOrientationPortrait UIInterfaceOrientationPortraitUpsideDown UIInterfaceOrientationLandscapeLeft UIInterfaceOrientationLandscapeRight";
				INFOPLIST_KEY_UISupportedInterfaceOrientations_iPhone = "UIInterfaceOrientationPortrait UIInterfaceOrientationLandscapeLeft UIInterfaceOrientationLandscapeRight";
				IPHONEOS_DEPLOYMENT_TARGET = 16.4;
				LD_RUNPATH_SEARCH_PATHS = (
					"$(inherited)",
					"@executable_path/Frameworks",
				);
				MARKETING_VERSION = 1.0;
				PRODUCT_BUNDLE_IDENTIFIER = learnSwiftLeetCode.adminApp;
				PRODUCT_NAME = "$(TARGET_NAME)";
				SWIFT_EMIT_LOC_STRINGS = YES;
				SWIFT_VERSION = 5.0;
				TARGETED_DEVICE_FAMILY = "1,2";
			};
			name = Release;
		};
/* End XCBuildConfiguration section */

/* Begin XCConfigurationList section */
		630682CB2A5162580042D294 /* Build configuration list for PBXProject "adminApp" */ = {
			isa = XCConfigurationList;
			buildConfigurations = (
				630682DC2A51625A0042D294 /* Debug */,
				630682DD2A51625A0042D294 /* Release */,
			);
			defaultConfigurationIsVisible = 0;
			defaultConfigurationName = Release;
		};
		630682DE2A51625A0042D294 /* Build configuration list for PBXNativeTarget "adminApp" */ = {
			isa = XCConfigurationList;
			buildConfigurations = (
				630682DF2A51625A0042D294 /* Debug */,
				630682E02A51625A0042D294 /* Release */,
			);
			defaultConfigurationIsVisible = 0;
			defaultConfigurationName = Release;
		};
/* End XCConfigurationList section */

/* Begin XCRemoteSwiftPackageReference section */
		6361A62C2A51D02A00C445A6 /* XCRemoteSwiftPackageReference "firebase-ios-sdk" */ = {
			isa = XCRemoteSwiftPackageReference;
			repositoryURL = "https://github.com/firebase/firebase-ios-sdk";
			requirement = {
				kind = upToNextMajorVersion;
				minimumVersion = 10.0.0;
			};
		};
/* End XCRemoteSwiftPackageReference section */

/* Begin XCSwiftPackageProductDependency section */
		634DDE362A55D27C00854A99 /* FirebaseFirestore */ = {
			isa = XCSwiftPackageProductDependency;
			package = 6361A62C2A51D02A00C445A6 /* XCRemoteSwiftPackageReference "firebase-ios-sdk" */;
			productName = FirebaseFirestore;
		};
		6361A62D2A51D02A00C445A6 /* FirebaseAnalytics */ = {
			isa = XCSwiftPackageProductDependency;
			package = 6361A62C2A51D02A00C445A6 /* XCRemoteSwiftPackageReference "firebase-ios-sdk" */;
			productName = FirebaseAnalytics;
		};
		6361A62F2A51D02A00C445A6 /* FirebaseAnalyticsSwift */ = {
			isa = XCSwiftPackageProductDependency;
			package = 6361A62C2A51D02A00C445A6 /* XCRemoteSwiftPackageReference "firebase-ios-sdk" */;
			productName = FirebaseAnalyticsSwift;
		};
		6361A6312A51D02A00C445A6 /* FirebaseAuth */ = {
			isa = XCSwiftPackageProductDependency;
			package = 6361A62C2A51D02A00C445A6 /* XCRemoteSwiftPackageReference "firebase-ios-sdk" */;
			productName = FirebaseAuth;
		};
		63A072772A547F920021C45E /* FirebaseDatabase */ = {
			isa = XCSwiftPackageProductDependency;
			package = 6361A62C2A51D02A00C445A6 /* XCRemoteSwiftPackageReference "firebase-ios-sdk" */;
			productName = FirebaseDatabase;
		};
		63A072792A547F920021C45E /* FirebaseDatabaseSwift */ = {
			isa = XCSwiftPackageProductDependency;
			package = 6361A62C2A51D02A00C445A6 /* XCRemoteSwiftPackageReference "firebase-ios-sdk" */;
			productName = FirebaseDatabaseSwift;
		};
/* End XCSwiftPackageProductDependency section */
	};
	rootObject = 630682C82A5162580042D294 /* Project object */;
}
